// !$*UTF8*$!
{
	archiveVersion = 1;
	classes = {
	};
	objectVersion = 46;
	objects = {

/* Begin PBXBuildFile section */
		OBJ_102 /* Builtins.swift in Sources */ = {isa = PBXBuildFile; fileRef = OBJ_28 /* Builtins.swift */; };
		OBJ_103 /* BytecodeEmitter.swift in Sources */ = {isa = PBXBuildFile; fileRef = OBJ_29 /* BytecodeEmitter.swift */; };
		OBJ_104 /* Context.swift in Sources */ = {isa = PBXBuildFile; fileRef = OBJ_30 /* Context.swift */; };
		OBJ_105 /* FunctionBoundary.swift in Sources */ = {isa = PBXBuildFile; fileRef = OBJ_31 /* FunctionBoundary.swift */; };
		OBJ_106 /* Instruction.swift in Sources */ = {isa = PBXBuildFile; fileRef = OBJ_32 /* Instruction.swift */; };
		OBJ_107 /* InstructionBlock.swift in Sources */ = {isa = PBXBuildFile; fileRef = OBJ_33 /* InstructionBlock.swift */; };
		OBJ_108 /* Interpreter.swift in Sources */ = {isa = PBXBuildFile; fileRef = OBJ_34 /* Interpreter.swift */; };
		OBJ_109 /* RuntimeError.swift in Sources */ = {isa = PBXBuildFile; fileRef = OBJ_35 /* RuntimeError.swift */; };
		OBJ_110 /* Type+PrettyPrint.swift in Sources */ = {isa = PBXBuildFile; fileRef = OBJ_36 /* Type+PrettyPrint.swift */; };
		OBJ_111 /* Type.swift in Sources */ = {isa = PBXBuildFile; fileRef = OBJ_37 /* Type.swift */; };
		OBJ_112 /* Value.swift in Sources */ = {isa = PBXBuildFile; fileRef = OBJ_38 /* Value.swift */; };
		OBJ_114 /* AST.framework in Frameworks */ = {isa = PBXBuildFile; fileRef = "anzen::AST::Product" /* AST.framework */; };
		OBJ_115 /* Utils.framework in Frameworks */ = {isa = PBXBuildFile; fileRef = "anzen::Utils::Product" /* Utils.framework */; };
		OBJ_123 /* Lexer.swift in Sources */ = {isa = PBXBuildFile; fileRef = OBJ_19 /* Lexer.swift */; };
		OBJ_124 /* ParseError.swift in Sources */ = {isa = PBXBuildFile; fileRef = OBJ_20 /* ParseError.swift */; };
		OBJ_125 /* Parser+Declaration.swift in Sources */ = {isa = PBXBuildFile; fileRef = OBJ_21 /* Parser+Declaration.swift */; };
		OBJ_126 /* Parser+Expression.swift in Sources */ = {isa = PBXBuildFile; fileRef = OBJ_22 /* Parser+Expression.swift */; };
		OBJ_127 /* Parser+Statement.swift in Sources */ = {isa = PBXBuildFile; fileRef = OBJ_23 /* Parser+Statement.swift */; };
		OBJ_128 /* Parser+Type.swift in Sources */ = {isa = PBXBuildFile; fileRef = OBJ_24 /* Parser+Type.swift */; };
		OBJ_129 /* Parser.swift in Sources */ = {isa = PBXBuildFile; fileRef = OBJ_25 /* Parser.swift */; };
		OBJ_130 /* Token.swift in Sources */ = {isa = PBXBuildFile; fileRef = OBJ_26 /* Token.swift */; };
		OBJ_132 /* AST.framework in Frameworks */ = {isa = PBXBuildFile; fileRef = "anzen::AST::Product" /* AST.framework */; };
		OBJ_133 /* Utils.framework in Frameworks */ = {isa = PBXBuildFile; fileRef = "anzen::Utils::Product" /* Utils.framework */; };
		OBJ_141 /* ConstraintCreator.swift in Sources */ = {isa = PBXBuildFile; fileRef = OBJ_43 /* ConstraintCreator.swift */; };
		OBJ_142 /* ConstraintSolver.swift in Sources */ = {isa = PBXBuildFile; fileRef = OBJ_44 /* ConstraintSolver.swift */; };
		OBJ_143 /* NameBinder.swift in Sources */ = {isa = PBXBuildFile; fileRef = OBJ_45 /* NameBinder.swift */; };
		OBJ_144 /* SAError.swift in Sources */ = {isa = PBXBuildFile; fileRef = OBJ_46 /* SAError.swift */; };
		OBJ_145 /* SAPass.swift in Sources */ = {isa = PBXBuildFile; fileRef = OBJ_47 /* SAPass.swift */; };
		OBJ_146 /* SubstitutionTable.swift in Sources */ = {isa = PBXBuildFile; fileRef = OBJ_48 /* SubstitutionTable.swift */; };
		OBJ_147 /* SymbolCreator.swift in Sources */ = {isa = PBXBuildFile; fileRef = OBJ_49 /* SymbolCreator.swift */; };
		OBJ_148 /* TypeApplier.swift in Sources */ = {isa = PBXBuildFile; fileRef = OBJ_50 /* TypeApplier.swift */; };
		OBJ_150 /* AST.framework in Frameworks */ = {isa = PBXBuildFile; fileRef = "anzen::AST::Product" /* AST.framework */; };
		OBJ_151 /* Utils.framework in Frameworks */ = {isa = PBXBuildFile; fileRef = "anzen::Utils::Product" /* Utils.framework */; };
		OBJ_158 /* Console.swift in Sources */ = {isa = PBXBuildFile; fileRef = OBJ_9 /* Console.swift */; };
		OBJ_159 /* File.swift in Sources */ = {isa = PBXBuildFile; fileRef = OBJ_10 /* File.swift */; };
		OBJ_160 /* OrderedMap.swift in Sources */ = {isa = PBXBuildFile; fileRef = OBJ_11 /* OrderedMap.swift */; };
		OBJ_162 /* Sequence+Extensions.swift in Sources */ = {isa = PBXBuildFile; fileRef = OBJ_13 /* Sequence+Extensions.swift */; };
		OBJ_163 /* SortedArray.swift in Sources */ = {isa = PBXBuildFile; fileRef = OBJ_14 /* SortedArray.swift */; };
		OBJ_164 /* Stack.swift in Sources */ = {isa = PBXBuildFile; fileRef = OBJ_15 /* Stack.swift */; };
		OBJ_165 /* String+Extensions.swift in Sources */ = {isa = PBXBuildFile; fileRef = OBJ_16 /* String+Extensions.swift */; };
		OBJ_166 /* Unreachable.swift in Sources */ = {isa = PBXBuildFile; fileRef = OBJ_17 /* Unreachable.swift */; };
		OBJ_173 /* ExecutionError.swift in Sources */ = {isa = PBXBuildFile; fileRef = OBJ_40 /* ExecutionError.swift */; };
		OBJ_174 /* main.swift in Sources */ = {isa = PBXBuildFile; fileRef = OBJ_41 /* main.swift */; };
		OBJ_176 /* Sema.framework in Frameworks */ = {isa = PBXBuildFile; fileRef = "anzen::Sema::Product" /* Sema.framework */; };
		OBJ_177 /* Interpreter.framework in Frameworks */ = {isa = PBXBuildFile; fileRef = "anzen::Interpreter::Product" /* Interpreter.framework */; };
		OBJ_178 /* Parser.framework in Frameworks */ = {isa = PBXBuildFile; fileRef = "anzen::Parser::Product" /* Parser.framework */; };
		OBJ_179 /* AST.framework in Frameworks */ = {isa = PBXBuildFile; fileRef = "anzen::AST::Product" /* AST.framework */; };
		OBJ_180 /* Utils.framework in Frameworks */ = {isa = PBXBuildFile; fileRef = "anzen::Utils::Product" /* Utils.framework */; };
		OBJ_191 /* Package.swift in Sources */ = {isa = PBXBuildFile; fileRef = OBJ_6 /* Package.swift */; };
		OBJ_80 /* AST.swift in Sources */ = {isa = PBXBuildFile; fileRef = OBJ_52 /* AST.swift */; };
		OBJ_81 /* ASTContext.swift in Sources */ = {isa = PBXBuildFile; fileRef = OBJ_53 /* ASTContext.swift */; };
		OBJ_82 /* ASTPrinter.swift in Sources */ = {isa = PBXBuildFile; fileRef = OBJ_54 /* ASTPrinter.swift */; };
		OBJ_83 /* ASTVisitor+Traversal.swift in Sources */ = {isa = PBXBuildFile; fileRef = OBJ_55 /* ASTVisitor+Traversal.swift */; };
		OBJ_84 /* ASTVisitor.swift in Sources */ = {isa = PBXBuildFile; fileRef = OBJ_56 /* ASTVisitor.swift */; };
		OBJ_85 /* Constraint+PrettyPrint.swift in Sources */ = {isa = PBXBuildFile; fileRef = OBJ_57 /* Constraint+PrettyPrint.swift */; };
		OBJ_86 /* Constraint.swift in Sources */ = {isa = PBXBuildFile; fileRef = OBJ_58 /* Constraint.swift */; };
		OBJ_87 /* ModuleLoader.swift in Sources */ = {isa = PBXBuildFile; fileRef = OBJ_59 /* ModuleLoader.swift */; };
		OBJ_88 /* Operator.swift in Sources */ = {isa = PBXBuildFile; fileRef = OBJ_60 /* Operator.swift */; };
		OBJ_89 /* Scope.swift in Sources */ = {isa = PBXBuildFile; fileRef = OBJ_61 /* Scope.swift */; };
		OBJ_90 /* Source.swift in Sources */ = {isa = PBXBuildFile; fileRef = OBJ_62 /* Source.swift */; };
		OBJ_91 /* Symbol.swift in Sources */ = {isa = PBXBuildFile; fileRef = OBJ_63 /* Symbol.swift */; };
		OBJ_92 /* Type.swift in Sources */ = {isa = PBXBuildFile; fileRef = OBJ_64 /* Type.swift */; };
		OBJ_94 /* Utils.framework in Frameworks */ = {isa = PBXBuildFile; fileRef = "anzen::Utils::Product" /* Utils.framework */; };
/* End PBXBuildFile section */

/* Begin PBXContainerItemProxy section */
		7534C9FC20C036DE000DD52E /* PBXContainerItemProxy */ = {
			isa = PBXContainerItemProxy;
			containerPortal = OBJ_1 /* Project object */;
			proxyType = 1;
			remoteGlobalIDString = "anzen::Sema";
			remoteInfo = Sema;
		};
		7534C9FD20C036DE000DD52E /* PBXContainerItemProxy */ = {
			isa = PBXContainerItemProxy;
			containerPortal = OBJ_1 /* Project object */;
			proxyType = 1;
			remoteGlobalIDString = "anzen::AST";
			remoteInfo = AST;
		};
		7534C9FE20C036DE000DD52E /* PBXContainerItemProxy */ = {
			isa = PBXContainerItemProxy;
			containerPortal = OBJ_1 /* Project object */;
			proxyType = 1;
			remoteGlobalIDString = "anzen::Utils";
			remoteInfo = Utils;
		};
		7534C9FF20C036DE000DD52E /* PBXContainerItemProxy */ = {
			isa = PBXContainerItemProxy;
			containerPortal = OBJ_1 /* Project object */;
			proxyType = 1;
			remoteGlobalIDString = "anzen::Utils";
			remoteInfo = Utils;
		};
		7534CA0020C036DE000DD52E /* PBXContainerItemProxy */ = {
			isa = PBXContainerItemProxy;
			containerPortal = OBJ_1 /* Project object */;
			proxyType = 1;
			remoteGlobalIDString = "anzen::Interpreter";
			remoteInfo = Interpreter;
		};
		7534CA0120C036DE000DD52E /* PBXContainerItemProxy */ = {
			isa = PBXContainerItemProxy;
			containerPortal = OBJ_1 /* Project object */;
			proxyType = 1;
			remoteGlobalIDString = "anzen::AST";
			remoteInfo = AST;
		};
		7534CA0220C036DE000DD52E /* PBXContainerItemProxy */ = {
			isa = PBXContainerItemProxy;
			containerPortal = OBJ_1 /* Project object */;
			proxyType = 1;
			remoteGlobalIDString = "anzen::Utils";
			remoteInfo = Utils;
		};
		7534CA0320C036DE000DD52E /* PBXContainerItemProxy */ = {
			isa = PBXContainerItemProxy;
			containerPortal = OBJ_1 /* Project object */;
			proxyType = 1;
			remoteGlobalIDString = "anzen::Parser";
			remoteInfo = Parser;
		};
		7534CA0420C036DE000DD52E /* PBXContainerItemProxy */ = {
			isa = PBXContainerItemProxy;
			containerPortal = OBJ_1 /* Project object */;
			proxyType = 1;
			remoteGlobalIDString = "anzen::AST";
			remoteInfo = AST;
		};
		7534CA0520C036DE000DD52E /* PBXContainerItemProxy */ = {
			isa = PBXContainerItemProxy;
			containerPortal = OBJ_1 /* Project object */;
			proxyType = 1;
			remoteGlobalIDString = "anzen::Utils";
			remoteInfo = Utils;
		};
		7534CA0620C036DE000DD52E /* PBXContainerItemProxy */ = {
			isa = PBXContainerItemProxy;
			containerPortal = OBJ_1 /* Project object */;
			proxyType = 1;
			remoteGlobalIDString = "anzen::AST";
			remoteInfo = AST;
		};
		7534CA0720C036DE000DD52E /* PBXContainerItemProxy */ = {
			isa = PBXContainerItemProxy;
			containerPortal = OBJ_1 /* Project object */;
			proxyType = 1;
			remoteGlobalIDString = "anzen::Utils";
			remoteInfo = Utils;
		};
/* End PBXContainerItemProxy section */

/* Begin PBXFileReference section */
		OBJ_10 /* File.swift */ = {isa = PBXFileReference; lastKnownFileType = sourcecode.swift; path = File.swift; sourceTree = "<group>"; };
		OBJ_11 /* OrderedMap.swift */ = {isa = PBXFileReference; lastKnownFileType = sourcecode.swift; path = OrderedMap.swift; sourceTree = "<group>"; };
		OBJ_13 /* Sequence+Extensions.swift */ = {isa = PBXFileReference; lastKnownFileType = sourcecode.swift; path = "Sequence+Extensions.swift"; sourceTree = "<group>"; };
		OBJ_14 /* SortedArray.swift */ = {isa = PBXFileReference; lastKnownFileType = sourcecode.swift; path = SortedArray.swift; sourceTree = "<group>"; };
		OBJ_15 /* Stack.swift */ = {isa = PBXFileReference; lastKnownFileType = sourcecode.swift; path = Stack.swift; sourceTree = "<group>"; };
		OBJ_16 /* String+Extensions.swift */ = {isa = PBXFileReference; lastKnownFileType = sourcecode.swift; path = "String+Extensions.swift"; sourceTree = "<group>"; };
		OBJ_17 /* Unreachable.swift */ = {isa = PBXFileReference; lastKnownFileType = sourcecode.swift; path = Unreachable.swift; sourceTree = "<group>"; };
		OBJ_19 /* Lexer.swift */ = {isa = PBXFileReference; lastKnownFileType = sourcecode.swift; path = Lexer.swift; sourceTree = "<group>"; };
		OBJ_20 /* ParseError.swift */ = {isa = PBXFileReference; lastKnownFileType = sourcecode.swift; path = ParseError.swift; sourceTree = "<group>"; };
		OBJ_21 /* Parser+Declaration.swift */ = {isa = PBXFileReference; lastKnownFileType = sourcecode.swift; path = "Parser+Declaration.swift"; sourceTree = "<group>"; };
		OBJ_22 /* Parser+Expression.swift */ = {isa = PBXFileReference; lastKnownFileType = sourcecode.swift; path = "Parser+Expression.swift"; sourceTree = "<group>"; };
		OBJ_23 /* Parser+Statement.swift */ = {isa = PBXFileReference; lastKnownFileType = sourcecode.swift; path = "Parser+Statement.swift"; sourceTree = "<group>"; };
		OBJ_24 /* Parser+Type.swift */ = {isa = PBXFileReference; lastKnownFileType = sourcecode.swift; path = "Parser+Type.swift"; sourceTree = "<group>"; };
		OBJ_25 /* Parser.swift */ = {isa = PBXFileReference; lastKnownFileType = sourcecode.swift; path = Parser.swift; sourceTree = "<group>"; };
		OBJ_26 /* Token.swift */ = {isa = PBXFileReference; lastKnownFileType = sourcecode.swift; path = Token.swift; sourceTree = "<group>"; };
		OBJ_28 /* Builtins.swift */ = {isa = PBXFileReference; lastKnownFileType = sourcecode.swift; path = Builtins.swift; sourceTree = "<group>"; };
		OBJ_29 /* BytecodeEmitter.swift */ = {isa = PBXFileReference; lastKnownFileType = sourcecode.swift; path = BytecodeEmitter.swift; sourceTree = "<group>"; };
		OBJ_30 /* Context.swift */ = {isa = PBXFileReference; lastKnownFileType = sourcecode.swift; path = Context.swift; sourceTree = "<group>"; };
		OBJ_31 /* FunctionBoundary.swift */ = {isa = PBXFileReference; lastKnownFileType = sourcecode.swift; path = FunctionBoundary.swift; sourceTree = "<group>"; };
		OBJ_32 /* Instruction.swift */ = {isa = PBXFileReference; lastKnownFileType = sourcecode.swift; path = Instruction.swift; sourceTree = "<group>"; };
		OBJ_33 /* InstructionBlock.swift */ = {isa = PBXFileReference; lastKnownFileType = sourcecode.swift; path = InstructionBlock.swift; sourceTree = "<group>"; };
		OBJ_34 /* Interpreter.swift */ = {isa = PBXFileReference; lastKnownFileType = sourcecode.swift; path = Interpreter.swift; sourceTree = "<group>"; };
		OBJ_35 /* RuntimeError.swift */ = {isa = PBXFileReference; lastKnownFileType = sourcecode.swift; path = RuntimeError.swift; sourceTree = "<group>"; };
		OBJ_36 /* Type+PrettyPrint.swift */ = {isa = PBXFileReference; lastKnownFileType = sourcecode.swift; path = "Type+PrettyPrint.swift"; sourceTree = "<group>"; };
		OBJ_37 /* Type.swift */ = {isa = PBXFileReference; lastKnownFileType = sourcecode.swift; path = Type.swift; sourceTree = "<group>"; };
		OBJ_38 /* Value.swift */ = {isa = PBXFileReference; lastKnownFileType = sourcecode.swift; path = Value.swift; sourceTree = "<group>"; };
		OBJ_40 /* ExecutionError.swift */ = {isa = PBXFileReference; lastKnownFileType = sourcecode.swift; path = ExecutionError.swift; sourceTree = "<group>"; };
		OBJ_41 /* main.swift */ = {isa = PBXFileReference; lastKnownFileType = sourcecode.swift; path = main.swift; sourceTree = "<group>"; };
		OBJ_43 /* ConstraintCreator.swift */ = {isa = PBXFileReference; lastKnownFileType = sourcecode.swift; path = ConstraintCreator.swift; sourceTree = "<group>"; };
		OBJ_44 /* ConstraintSolver.swift */ = {isa = PBXFileReference; lastKnownFileType = sourcecode.swift; path = ConstraintSolver.swift; sourceTree = "<group>"; };
		OBJ_45 /* NameBinder.swift */ = {isa = PBXFileReference; lastKnownFileType = sourcecode.swift; path = NameBinder.swift; sourceTree = "<group>"; };
		OBJ_46 /* SAError.swift */ = {isa = PBXFileReference; lastKnownFileType = sourcecode.swift; path = SAError.swift; sourceTree = "<group>"; };
		OBJ_47 /* SAPass.swift */ = {isa = PBXFileReference; lastKnownFileType = sourcecode.swift; path = SAPass.swift; sourceTree = "<group>"; };
		OBJ_48 /* SubstitutionTable.swift */ = {isa = PBXFileReference; lastKnownFileType = sourcecode.swift; path = SubstitutionTable.swift; sourceTree = "<group>"; };
		OBJ_49 /* SymbolCreator.swift */ = {isa = PBXFileReference; lastKnownFileType = sourcecode.swift; path = SymbolCreator.swift; sourceTree = "<group>"; };
		OBJ_50 /* TypeApplier.swift */ = {isa = PBXFileReference; lastKnownFileType = sourcecode.swift; path = TypeApplier.swift; sourceTree = "<group>"; };
		OBJ_52 /* AST.swift */ = {isa = PBXFileReference; lastKnownFileType = sourcecode.swift; path = AST.swift; sourceTree = "<group>"; };
		OBJ_53 /* ASTContext.swift */ = {isa = PBXFileReference; lastKnownFileType = sourcecode.swift; path = ASTContext.swift; sourceTree = "<group>"; };
		OBJ_54 /* ASTPrinter.swift */ = {isa = PBXFileReference; lastKnownFileType = sourcecode.swift; path = ASTPrinter.swift; sourceTree = "<group>"; };
		OBJ_55 /* ASTVisitor+Traversal.swift */ = {isa = PBXFileReference; lastKnownFileType = sourcecode.swift; path = "ASTVisitor+Traversal.swift"; sourceTree = "<group>"; };
		OBJ_56 /* ASTVisitor.swift */ = {isa = PBXFileReference; lastKnownFileType = sourcecode.swift; path = ASTVisitor.swift; sourceTree = "<group>"; };
		OBJ_57 /* Constraint+PrettyPrint.swift */ = {isa = PBXFileReference; lastKnownFileType = sourcecode.swift; path = "Constraint+PrettyPrint.swift"; sourceTree = "<group>"; };
		OBJ_58 /* Constraint.swift */ = {isa = PBXFileReference; lastKnownFileType = sourcecode.swift; path = Constraint.swift; sourceTree = "<group>"; };
		OBJ_59 /* ModuleLoader.swift */ = {isa = PBXFileReference; lastKnownFileType = sourcecode.swift; path = ModuleLoader.swift; sourceTree = "<group>"; };
		OBJ_6 /* Package.swift */ = {isa = PBXFileReference; explicitFileType = sourcecode.swift; path = Package.swift; sourceTree = "<group>"; };
		OBJ_60 /* Operator.swift */ = {isa = PBXFileReference; lastKnownFileType = sourcecode.swift; path = Operator.swift; sourceTree = "<group>"; };
		OBJ_61 /* Scope.swift */ = {isa = PBXFileReference; lastKnownFileType = sourcecode.swift; path = Scope.swift; sourceTree = "<group>"; };
		OBJ_62 /* Source.swift */ = {isa = PBXFileReference; lastKnownFileType = sourcecode.swift; path = Source.swift; sourceTree = "<group>"; };
		OBJ_63 /* Symbol.swift */ = {isa = PBXFileReference; lastKnownFileType = sourcecode.swift; path = Symbol.swift; sourceTree = "<group>"; };
		OBJ_64 /* Type.swift */ = {isa = PBXFileReference; lastKnownFileType = sourcecode.swift; path = Type.swift; sourceTree = "<group>"; };
		OBJ_66 /* InputSamples */ = {isa = PBXFileReference; lastKnownFileType = folder; path = InputSamples; sourceTree = SOURCE_ROOT; };
		OBJ_67 /* docs */ = {isa = PBXFileReference; lastKnownFileType = folder; path = docs; sourceTree = SOURCE_ROOT; };
		OBJ_9 /* Console.swift */ = {isa = PBXFileReference; lastKnownFileType = sourcecode.swift; path = Console.swift; sourceTree = "<group>"; };
		"anzen::AST::Product" /* AST.framework */ = {isa = PBXFileReference; explicitFileType = wrapper.framework; path = AST.framework; sourceTree = BUILT_PRODUCTS_DIR; };
		"anzen::Interpreter::Product" /* Interpreter.framework */ = {isa = PBXFileReference; explicitFileType = wrapper.framework; path = Interpreter.framework; sourceTree = BUILT_PRODUCTS_DIR; };
		"anzen::Parser::Product" /* Parser.framework */ = {isa = PBXFileReference; explicitFileType = wrapper.framework; path = Parser.framework; sourceTree = BUILT_PRODUCTS_DIR; };
		"anzen::Sema::Product" /* Sema.framework */ = {isa = PBXFileReference; explicitFileType = wrapper.framework; path = Sema.framework; sourceTree = BUILT_PRODUCTS_DIR; };
		"anzen::Utils::Product" /* Utils.framework */ = {isa = PBXFileReference; explicitFileType = wrapper.framework; path = Utils.framework; sourceTree = BUILT_PRODUCTS_DIR; };
		"anzen::anzen::Product" /* anzen */ = {isa = PBXFileReference; lastKnownFileType = text; path = anzen; sourceTree = BUILT_PRODUCTS_DIR; };
/* End PBXFileReference section */

/* Begin PBXFrameworksBuildPhase section */
		OBJ_113 /* Frameworks */ = {
			isa = PBXFrameworksBuildPhase;
			buildActionMask = 0;
			files = (
				OBJ_114 /* AST.framework in Frameworks */,
				OBJ_115 /* Utils.framework in Frameworks */,
			);
			runOnlyForDeploymentPostprocessing = 0;
		};
		OBJ_131 /* Frameworks */ = {
			isa = PBXFrameworksBuildPhase;
			buildActionMask = 0;
			files = (
				OBJ_132 /* AST.framework in Frameworks */,
				OBJ_133 /* Utils.framework in Frameworks */,
			);
			runOnlyForDeploymentPostprocessing = 0;
		};
		OBJ_149 /* Frameworks */ = {
			isa = PBXFrameworksBuildPhase;
			buildActionMask = 0;
			files = (
				OBJ_150 /* AST.framework in Frameworks */,
				OBJ_151 /* Utils.framework in Frameworks */,
			);
			runOnlyForDeploymentPostprocessing = 0;
		};
		OBJ_167 /* Frameworks */ = {
			isa = PBXFrameworksBuildPhase;
			buildActionMask = 0;
			files = (
			);
			runOnlyForDeploymentPostprocessing = 0;
		};
		OBJ_175 /* Frameworks */ = {
			isa = PBXFrameworksBuildPhase;
			buildActionMask = 0;
			files = (
				OBJ_176 /* Sema.framework in Frameworks */,
				OBJ_177 /* Interpreter.framework in Frameworks */,
				OBJ_178 /* Parser.framework in Frameworks */,
				OBJ_179 /* AST.framework in Frameworks */,
				OBJ_180 /* Utils.framework in Frameworks */,
			);
			runOnlyForDeploymentPostprocessing = 0;
		};
		OBJ_93 /* Frameworks */ = {
			isa = PBXFrameworksBuildPhase;
			buildActionMask = 0;
			files = (
				OBJ_94 /* Utils.framework in Frameworks */,
			);
			runOnlyForDeploymentPostprocessing = 0;
		};
/* End PBXFrameworksBuildPhase section */

/* Begin PBXGroup section */
		OBJ_18 /* Parser */ = {
			isa = PBXGroup;
			children = (
				OBJ_19 /* Lexer.swift */,
				OBJ_20 /* ParseError.swift */,
				OBJ_21 /* Parser+Declaration.swift */,
				OBJ_22 /* Parser+Expression.swift */,
				OBJ_23 /* Parser+Statement.swift */,
				OBJ_24 /* Parser+Type.swift */,
				OBJ_25 /* Parser.swift */,
				OBJ_26 /* Token.swift */,
			);
			name = Parser;
			path = Sources/Parser;
			sourceTree = SOURCE_ROOT;
		};
		OBJ_27 /* Interpreter */ = {
			isa = PBXGroup;
			children = (
				OBJ_28 /* Builtins.swift */,
				OBJ_29 /* BytecodeEmitter.swift */,
				OBJ_30 /* Context.swift */,
				OBJ_31 /* FunctionBoundary.swift */,
				OBJ_32 /* Instruction.swift */,
				OBJ_33 /* InstructionBlock.swift */,
				OBJ_34 /* Interpreter.swift */,
				OBJ_35 /* RuntimeError.swift */,
				OBJ_36 /* Type+PrettyPrint.swift */,
				OBJ_37 /* Type.swift */,
				OBJ_38 /* Value.swift */,
			);
			name = Interpreter;
			path = Sources/Interpreter;
			sourceTree = SOURCE_ROOT;
		};
		OBJ_39 /* anzen */ = {
			isa = PBXGroup;
			children = (
				OBJ_40 /* ExecutionError.swift */,
				OBJ_41 /* main.swift */,
			);
			name = anzen;
			path = Sources/anzen;
			sourceTree = SOURCE_ROOT;
		};
		OBJ_42 /* Sema */ = {
			isa = PBXGroup;
			children = (
				OBJ_43 /* ConstraintCreator.swift */,
				OBJ_44 /* ConstraintSolver.swift */,
				OBJ_45 /* NameBinder.swift */,
				OBJ_46 /* SAError.swift */,
				OBJ_47 /* SAPass.swift */,
				OBJ_48 /* SubstitutionTable.swift */,
				OBJ_49 /* SymbolCreator.swift */,
				OBJ_50 /* TypeApplier.swift */,
			);
			name = Sema;
			path = Sources/Sema;
			sourceTree = SOURCE_ROOT;
		};
		OBJ_5 = {
			isa = PBXGroup;
			children = (
				OBJ_6 /* Package.swift */,
				OBJ_7 /* Sources */,
				OBJ_65 /* Tests */,
				OBJ_66 /* InputSamples */,
				OBJ_67 /* docs */,
				OBJ_68 /* Products */,
			);
			sourceTree = "<group>";
		};
		OBJ_51 /* AST */ = {
			isa = PBXGroup;
			children = (
				OBJ_52 /* AST.swift */,
				OBJ_53 /* ASTContext.swift */,
				OBJ_54 /* ASTPrinter.swift */,
				OBJ_55 /* ASTVisitor+Traversal.swift */,
				OBJ_56 /* ASTVisitor.swift */,
				OBJ_57 /* Constraint+PrettyPrint.swift */,
				OBJ_58 /* Constraint.swift */,
				OBJ_59 /* ModuleLoader.swift */,
				OBJ_60 /* Operator.swift */,
				OBJ_61 /* Scope.swift */,
				OBJ_62 /* Source.swift */,
				OBJ_63 /* Symbol.swift */,
				OBJ_64 /* Type.swift */,
			);
			name = AST;
			path = Sources/AST;
			sourceTree = SOURCE_ROOT;
		};
		OBJ_65 /* Tests */ = {
			isa = PBXGroup;
			children = (
			);
			name = Tests;
			sourceTree = SOURCE_ROOT;
		};
		OBJ_68 /* Products */ = {
			isa = PBXGroup;
			children = (
				"anzen::anzen::Product" /* anzen */,
				"anzen::Sema::Product" /* Sema.framework */,
				"anzen::AST::Product" /* AST.framework */,
				"anzen::Parser::Product" /* Parser.framework */,
				"anzen::Utils::Product" /* Utils.framework */,
				"anzen::Interpreter::Product" /* Interpreter.framework */,
			);
			name = Products;
			sourceTree = BUILT_PRODUCTS_DIR;
		};
		OBJ_7 /* Sources */ = {
			isa = PBXGroup;
			children = (
				OBJ_39 /* anzen */,
				OBJ_51 /* AST */,
				OBJ_18 /* Parser */,
				OBJ_42 /* Sema */,
				OBJ_27 /* Interpreter */,
				OBJ_8 /* Utils */,
			);
			name = Sources;
			sourceTree = SOURCE_ROOT;
		};
		OBJ_8 /* Utils */ = {
			isa = PBXGroup;
			children = (
				OBJ_9 /* Console.swift */,
				OBJ_10 /* File.swift */,
				OBJ_11 /* OrderedMap.swift */,
				OBJ_13 /* Sequence+Extensions.swift */,
				OBJ_14 /* SortedArray.swift */,
				OBJ_15 /* Stack.swift */,
				OBJ_16 /* String+Extensions.swift */,
				OBJ_17 /* Unreachable.swift */,
			);
			name = Utils;
			path = Sources/Utils;
			sourceTree = SOURCE_ROOT;
		};
/* End PBXGroup section */

/* Begin PBXNativeTarget section */
		"anzen::AST" /* AST */ = {
			isa = PBXNativeTarget;
			buildConfigurationList = OBJ_76 /* Build configuration list for PBXNativeTarget "AST" */;
			buildPhases = (
				OBJ_79 /* Sources */,
				OBJ_93 /* Frameworks */,
				757FB00420C0378300733D1A /* ShellScript */,
			);
			buildRules = (
			);
			dependencies = (
				OBJ_95 /* PBXTargetDependency */,
			);
			name = AST;
			productName = AST;
			productReference = "anzen::AST::Product" /* AST.framework */;
			productType = "com.apple.product-type.framework";
		};
		"anzen::Interpreter" /* Interpreter */ = {
			isa = PBXNativeTarget;
			buildConfigurationList = OBJ_98 /* Build configuration list for PBXNativeTarget "Interpreter" */;
			buildPhases = (
				OBJ_101 /* Sources */,
				OBJ_113 /* Frameworks */,
			);
			buildRules = (
			);
			dependencies = (
				OBJ_116 /* PBXTargetDependency */,
				OBJ_117 /* PBXTargetDependency */,
			);
			name = Interpreter;
			productName = Interpreter;
			productReference = "anzen::Interpreter::Product" /* Interpreter.framework */;
			productType = "com.apple.product-type.framework";
		};
		"anzen::Parser" /* Parser */ = {
			isa = PBXNativeTarget;
			buildConfigurationList = OBJ_119 /* Build configuration list for PBXNativeTarget "Parser" */;
			buildPhases = (
				OBJ_122 /* Sources */,
				OBJ_131 /* Frameworks */,
			);
			buildRules = (
			);
			dependencies = (
				OBJ_134 /* PBXTargetDependency */,
				OBJ_135 /* PBXTargetDependency */,
			);
			name = Parser;
			productName = Parser;
			productReference = "anzen::Parser::Product" /* Parser.framework */;
			productType = "com.apple.product-type.framework";
		};
		"anzen::Sema" /* Sema */ = {
			isa = PBXNativeTarget;
			buildConfigurationList = OBJ_137 /* Build configuration list for PBXNativeTarget "Sema" */;
			buildPhases = (
				OBJ_140 /* Sources */,
				OBJ_149 /* Frameworks */,
			);
			buildRules = (
			);
			dependencies = (
				OBJ_152 /* PBXTargetDependency */,
				OBJ_153 /* PBXTargetDependency */,
			);
			name = Sema;
			productName = Sema;
			productReference = "anzen::Sema::Product" /* Sema.framework */;
			productType = "com.apple.product-type.framework";
		};
		"anzen::SwiftPMPackageDescription" /* anzenPackageDescription */ = {
			isa = PBXNativeTarget;
			buildConfigurationList = OBJ_187 /* Build configuration list for PBXNativeTarget "anzenPackageDescription" */;
			buildPhases = (
				OBJ_190 /* Sources */,
			);
			buildRules = (
			);
			dependencies = (
			);
			name = anzenPackageDescription;
			productName = anzenPackageDescription;
			productType = "com.apple.product-type.framework";
		};
		"anzen::Utils" /* Utils */ = {
			isa = PBXNativeTarget;
			buildConfigurationList = OBJ_154 /* Build configuration list for PBXNativeTarget "Utils" */;
			buildPhases = (
				OBJ_157 /* Sources */,
				OBJ_167 /* Frameworks */,
			);
			buildRules = (
			);
			dependencies = (
			);
			name = Utils;
			productName = Utils;
			productReference = "anzen::Utils::Product" /* Utils.framework */;
			productType = "com.apple.product-type.framework";
		};
		"anzen::anzen" /* anzen */ = {
			isa = PBXNativeTarget;
			buildConfigurationList = OBJ_169 /* Build configuration list for PBXNativeTarget "anzen" */;
			buildPhases = (
				OBJ_172 /* Sources */,
				OBJ_175 /* Frameworks */,
			);
			buildRules = (
			);
			dependencies = (
				OBJ_181 /* PBXTargetDependency */,
				OBJ_182 /* PBXTargetDependency */,
				OBJ_183 /* PBXTargetDependency */,
				OBJ_184 /* PBXTargetDependency */,
				OBJ_185 /* PBXTargetDependency */,
			);
			name = anzen;
			productName = anzen;
			productReference = "anzen::anzen::Product" /* anzen */;
			productType = "com.apple.product-type.tool";
		};
/* End PBXNativeTarget section */

/* Begin PBXProject section */
		OBJ_1 /* Project object */ = {
			isa = PBXProject;
			attributes = {
				LastUpgradeCheck = 9999;
			};
			buildConfigurationList = OBJ_2 /* Build configuration list for PBXProject "anzen" */;
			compatibilityVersion = "Xcode 3.2";
			developmentRegion = English;
			hasScannedForEncodings = 0;
			knownRegions = (
				en,
			);
			mainGroup = OBJ_5;
			productRefGroup = OBJ_68 /* Products */;
			projectDirPath = "";
			projectRoot = "";
			targets = (
				"anzen::AST" /* AST */,
				"anzen::Interpreter" /* Interpreter */,
				"anzen::Parser" /* Parser */,
				"anzen::Sema" /* Sema */,
				"anzen::Utils" /* Utils */,
				"anzen::anzen" /* anzen */,
				"anzen::SwiftPMPackageDescription" /* anzenPackageDescription */,
			);
		};
/* End PBXProject section */

/* Begin PBXShellScriptBuildPhase section */
		757FB00420C0378300733D1A /* ShellScript */ = {
			isa = PBXShellScriptBuildPhase;
			buildActionMask = 2147483647;
			files = (
			);
			inputPaths = (
			);
			outputPaths = (
			);
			runOnlyForDeploymentPostprocessing = 0;
			shellPath = /bin/sh;
			shellScript = "if which swiftlint >/dev/null; then\nswiftlint\nelse\necho \"warning: SwiftLint not installed\"\nfi";
		};
/* End PBXShellScriptBuildPhase section */

/* Begin PBXSourcesBuildPhase section */
		OBJ_101 /* Sources */ = {
			isa = PBXSourcesBuildPhase;
			buildActionMask = 0;
			files = (
				OBJ_102 /* Builtins.swift in Sources */,
				OBJ_103 /* BytecodeEmitter.swift in Sources */,
				OBJ_104 /* Context.swift in Sources */,
				OBJ_105 /* FunctionBoundary.swift in Sources */,
				OBJ_106 /* Instruction.swift in Sources */,
				OBJ_107 /* InstructionBlock.swift in Sources */,
				OBJ_108 /* Interpreter.swift in Sources */,
				OBJ_109 /* RuntimeError.swift in Sources */,
				OBJ_110 /* Type+PrettyPrint.swift in Sources */,
				OBJ_111 /* Type.swift in Sources */,
				OBJ_112 /* Value.swift in Sources */,
			);
			runOnlyForDeploymentPostprocessing = 0;
		};
		OBJ_122 /* Sources */ = {
			isa = PBXSourcesBuildPhase;
			buildActionMask = 0;
			files = (
				OBJ_123 /* Lexer.swift in Sources */,
				OBJ_124 /* ParseError.swift in Sources */,
				OBJ_125 /* Parser+Declaration.swift in Sources */,
				OBJ_126 /* Parser+Expression.swift in Sources */,
				OBJ_127 /* Parser+Statement.swift in Sources */,
				OBJ_128 /* Parser+Type.swift in Sources */,
				OBJ_129 /* Parser.swift in Sources */,
				OBJ_130 /* Token.swift in Sources */,
			);
			runOnlyForDeploymentPostprocessing = 0;
		};
		OBJ_140 /* Sources */ = {
			isa = PBXSourcesBuildPhase;
			buildActionMask = 0;
			files = (
				OBJ_141 /* ConstraintCreator.swift in Sources */,
				OBJ_142 /* ConstraintSolver.swift in Sources */,
				OBJ_143 /* NameBinder.swift in Sources */,
				OBJ_144 /* SAError.swift in Sources */,
				OBJ_145 /* SAPass.swift in Sources */,
				OBJ_146 /* SubstitutionTable.swift in Sources */,
				OBJ_147 /* SymbolCreator.swift in Sources */,
				OBJ_148 /* TypeApplier.swift in Sources */,
			);
			runOnlyForDeploymentPostprocessing = 0;
		};
		OBJ_157 /* Sources */ = {
			isa = PBXSourcesBuildPhase;
			buildActionMask = 0;
			files = (
				OBJ_158 /* Console.swift in Sources */,
				OBJ_159 /* File.swift in Sources */,
				OBJ_160 /* OrderedMap.swift in Sources */,
				OBJ_162 /* Sequence+Extensions.swift in Sources */,
				OBJ_163 /* SortedArray.swift in Sources */,
				OBJ_164 /* Stack.swift in Sources */,
				OBJ_165 /* String+Extensions.swift in Sources */,
				OBJ_166 /* Unreachable.swift in Sources */,
			);
			runOnlyForDeploymentPostprocessing = 0;
		};
		OBJ_172 /* Sources */ = {
			isa = PBXSourcesBuildPhase;
			buildActionMask = 0;
			files = (
				OBJ_173 /* ExecutionError.swift in Sources */,
				OBJ_174 /* main.swift in Sources */,
			);
			runOnlyForDeploymentPostprocessing = 0;
		};
		OBJ_190 /* Sources */ = {
			isa = PBXSourcesBuildPhase;
			buildActionMask = 0;
			files = (
				OBJ_191 /* Package.swift in Sources */,
			);
			runOnlyForDeploymentPostprocessing = 0;
		};
		OBJ_79 /* Sources */ = {
			isa = PBXSourcesBuildPhase;
			buildActionMask = 0;
			files = (
				OBJ_80 /* AST.swift in Sources */,
				OBJ_81 /* ASTContext.swift in Sources */,
				OBJ_82 /* ASTPrinter.swift in Sources */,
				OBJ_83 /* ASTVisitor+Traversal.swift in Sources */,
				OBJ_84 /* ASTVisitor.swift in Sources */,
				OBJ_85 /* Constraint+PrettyPrint.swift in Sources */,
				OBJ_86 /* Constraint.swift in Sources */,
				OBJ_87 /* ModuleLoader.swift in Sources */,
				OBJ_88 /* Operator.swift in Sources */,
				OBJ_89 /* Scope.swift in Sources */,
				OBJ_90 /* Source.swift in Sources */,
				OBJ_91 /* Symbol.swift in Sources */,
				OBJ_92 /* Type.swift in Sources */,
			);
			runOnlyForDeploymentPostprocessing = 0;
		};
/* End PBXSourcesBuildPhase section */

/* Begin PBXTargetDependency section */
		OBJ_116 /* PBXTargetDependency */ = {
			isa = PBXTargetDependency;
			target = "anzen::AST" /* AST */;
			targetProxy = 7534CA0120C036DE000DD52E /* PBXContainerItemProxy */;
		};
		OBJ_117 /* PBXTargetDependency */ = {
			isa = PBXTargetDependency;
			target = "anzen::Utils" /* Utils */;
			targetProxy = 7534CA0220C036DE000DD52E /* PBXContainerItemProxy */;
		};
		OBJ_134 /* PBXTargetDependency */ = {
			isa = PBXTargetDependency;
			target = "anzen::AST" /* AST */;
			targetProxy = 7534CA0420C036DE000DD52E /* PBXContainerItemProxy */;
		};
		OBJ_135 /* PBXTargetDependency */ = {
			isa = PBXTargetDependency;
			target = "anzen::Utils" /* Utils */;
			targetProxy = 7534CA0520C036DE000DD52E /* PBXContainerItemProxy */;
		};
		OBJ_152 /* PBXTargetDependency */ = {
			isa = PBXTargetDependency;
			target = "anzen::AST" /* AST */;
			targetProxy = 7534C9FD20C036DE000DD52E /* PBXContainerItemProxy */;
		};
		OBJ_153 /* PBXTargetDependency */ = {
			isa = PBXTargetDependency;
			target = "anzen::Utils" /* Utils */;
			targetProxy = 7534C9FF20C036DE000DD52E /* PBXContainerItemProxy */;
		};
		OBJ_181 /* PBXTargetDependency */ = {
			isa = PBXTargetDependency;
			target = "anzen::Sema" /* Sema */;
			targetProxy = 7534C9FC20C036DE000DD52E /* PBXContainerItemProxy */;
		};
		OBJ_182 /* PBXTargetDependency */ = {
			isa = PBXTargetDependency;
			target = "anzen::Interpreter" /* Interpreter */;
			targetProxy = 7534CA0020C036DE000DD52E /* PBXContainerItemProxy */;
		};
		OBJ_183 /* PBXTargetDependency */ = {
			isa = PBXTargetDependency;
			target = "anzen::Parser" /* Parser */;
			targetProxy = 7534CA0320C036DE000DD52E /* PBXContainerItemProxy */;
		};
		OBJ_184 /* PBXTargetDependency */ = {
			isa = PBXTargetDependency;
			target = "anzen::AST" /* AST */;
			targetProxy = 7534CA0620C036DE000DD52E /* PBXContainerItemProxy */;
		};
		OBJ_185 /* PBXTargetDependency */ = {
			isa = PBXTargetDependency;
			target = "anzen::Utils" /* Utils */;
			targetProxy = 7534CA0720C036DE000DD52E /* PBXContainerItemProxy */;
		};
		OBJ_95 /* PBXTargetDependency */ = {
			isa = PBXTargetDependency;
			target = "anzen::Utils" /* Utils */;
			targetProxy = 7534C9FE20C036DE000DD52E /* PBXContainerItemProxy */;
		};
/* End PBXTargetDependency section */

/* Begin XCBuildConfiguration section */
		OBJ_100 /* Release */ = {
			isa = XCBuildConfiguration;
			buildSettings = {
				ENABLE_TESTABILITY = YES;
				FRAMEWORK_SEARCH_PATHS = (
					"$(inherited)",
					"$(PLATFORM_DIR)/Developer/Library/Frameworks",
				);
				HEADER_SEARCH_PATHS = "$(inherited)";
				INFOPLIST_FILE = anzen.xcodeproj/Interpreter_Info.plist;
				LD_RUNPATH_SEARCH_PATHS = "$(inherited) $(TOOLCHAIN_DIR)/usr/lib/swift/macosx";
				OTHER_CFLAGS = "$(inherited)";
				OTHER_LDFLAGS = "$(inherited)";
				OTHER_SWIFT_FLAGS = "$(inherited)";
				PRODUCT_BUNDLE_IDENTIFIER = Interpreter;
				PRODUCT_MODULE_NAME = "$(TARGET_NAME:c99extidentifier)";
				PRODUCT_NAME = "$(TARGET_NAME:c99extidentifier)";
				SKIP_INSTALL = YES;
				SWIFT_VERSION = 4.0;
				TARGET_NAME = Interpreter;
			};
			name = Release;
		};
		OBJ_120 /* Debug */ = {
			isa = XCBuildConfiguration;
			buildSettings = {
				ENABLE_TESTABILITY = YES;
				FRAMEWORK_SEARCH_PATHS = (
					"$(inherited)",
					"$(PLATFORM_DIR)/Developer/Library/Frameworks",
				);
				HEADER_SEARCH_PATHS = "$(inherited)";
				INFOPLIST_FILE = anzen.xcodeproj/Parser_Info.plist;
				LD_RUNPATH_SEARCH_PATHS = "$(inherited) $(TOOLCHAIN_DIR)/usr/lib/swift/macosx";
				OTHER_CFLAGS = "$(inherited)";
				OTHER_LDFLAGS = "$(inherited)";
				OTHER_SWIFT_FLAGS = "$(inherited)";
				PRODUCT_BUNDLE_IDENTIFIER = Parser;
				PRODUCT_MODULE_NAME = "$(TARGET_NAME:c99extidentifier)";
				PRODUCT_NAME = "$(TARGET_NAME:c99extidentifier)";
				SKIP_INSTALL = YES;
				SWIFT_VERSION = 4.0;
				TARGET_NAME = Parser;
			};
			name = Debug;
		};
		OBJ_121 /* Release */ = {
			isa = XCBuildConfiguration;
			buildSettings = {
				ENABLE_TESTABILITY = YES;
				FRAMEWORK_SEARCH_PATHS = (
					"$(inherited)",
					"$(PLATFORM_DIR)/Developer/Library/Frameworks",
				);
				HEADER_SEARCH_PATHS = "$(inherited)";
				INFOPLIST_FILE = anzen.xcodeproj/Parser_Info.plist;
				LD_RUNPATH_SEARCH_PATHS = "$(inherited) $(TOOLCHAIN_DIR)/usr/lib/swift/macosx";
				OTHER_CFLAGS = "$(inherited)";
				OTHER_LDFLAGS = "$(inherited)";
				OTHER_SWIFT_FLAGS = "$(inherited)";
				PRODUCT_BUNDLE_IDENTIFIER = Parser;
				PRODUCT_MODULE_NAME = "$(TARGET_NAME:c99extidentifier)";
				PRODUCT_NAME = "$(TARGET_NAME:c99extidentifier)";
				SKIP_INSTALL = YES;
				SWIFT_VERSION = 4.0;
				TARGET_NAME = Parser;
			};
			name = Release;
		};
		OBJ_138 /* Debug */ = {
			isa = XCBuildConfiguration;
			buildSettings = {
				ENABLE_TESTABILITY = YES;
				FRAMEWORK_SEARCH_PATHS = (
					"$(inherited)",
					"$(PLATFORM_DIR)/Developer/Library/Frameworks",
				);
				HEADER_SEARCH_PATHS = "$(inherited)";
				INFOPLIST_FILE = anzen.xcodeproj/Sema_Info.plist;
				LD_RUNPATH_SEARCH_PATHS = "$(inherited) $(TOOLCHAIN_DIR)/usr/lib/swift/macosx";
				OTHER_CFLAGS = "$(inherited)";
				OTHER_LDFLAGS = "$(inherited)";
				OTHER_SWIFT_FLAGS = "$(inherited)";
				PRODUCT_BUNDLE_IDENTIFIER = Sema;
				PRODUCT_MODULE_NAME = "$(TARGET_NAME:c99extidentifier)";
				PRODUCT_NAME = "$(TARGET_NAME:c99extidentifier)";
				SKIP_INSTALL = YES;
				SWIFT_VERSION = 4.0;
				TARGET_NAME = Sema;
			};
			name = Debug;
		};
		OBJ_139 /* Release */ = {
			isa = XCBuildConfiguration;
			buildSettings = {
				ENABLE_TESTABILITY = YES;
				FRAMEWORK_SEARCH_PATHS = (
					"$(inherited)",
					"$(PLATFORM_DIR)/Developer/Library/Frameworks",
				);
				HEADER_SEARCH_PATHS = "$(inherited)";
				INFOPLIST_FILE = anzen.xcodeproj/Sema_Info.plist;
				LD_RUNPATH_SEARCH_PATHS = "$(inherited) $(TOOLCHAIN_DIR)/usr/lib/swift/macosx";
				OTHER_CFLAGS = "$(inherited)";
				OTHER_LDFLAGS = "$(inherited)";
				OTHER_SWIFT_FLAGS = "$(inherited)";
				PRODUCT_BUNDLE_IDENTIFIER = Sema;
				PRODUCT_MODULE_NAME = "$(TARGET_NAME:c99extidentifier)";
				PRODUCT_NAME = "$(TARGET_NAME:c99extidentifier)";
				SKIP_INSTALL = YES;
				SWIFT_VERSION = 4.0;
				TARGET_NAME = Sema;
			};
			name = Release;
		};
		OBJ_155 /* Debug */ = {
			isa = XCBuildConfiguration;
			buildSettings = {
				ENABLE_TESTABILITY = YES;
				FRAMEWORK_SEARCH_PATHS = (
					"$(inherited)",
					"$(PLATFORM_DIR)/Developer/Library/Frameworks",
				);
				HEADER_SEARCH_PATHS = "$(inherited)";
				INFOPLIST_FILE = anzen.xcodeproj/Utils_Info.plist;
				LD_RUNPATH_SEARCH_PATHS = "$(inherited) $(TOOLCHAIN_DIR)/usr/lib/swift/macosx";
				OTHER_CFLAGS = "$(inherited)";
				OTHER_LDFLAGS = "$(inherited)";
				OTHER_SWIFT_FLAGS = "$(inherited)";
				PRODUCT_BUNDLE_IDENTIFIER = Utils;
				PRODUCT_MODULE_NAME = "$(TARGET_NAME:c99extidentifier)";
				PRODUCT_NAME = "$(TARGET_NAME:c99extidentifier)";
				SKIP_INSTALL = YES;
				SWIFT_VERSION = 4.0;
				TARGET_NAME = Utils;
			};
			name = Debug;
		};
		OBJ_156 /* Release */ = {
			isa = XCBuildConfiguration;
			buildSettings = {
				ENABLE_TESTABILITY = YES;
				FRAMEWORK_SEARCH_PATHS = (
					"$(inherited)",
					"$(PLATFORM_DIR)/Developer/Library/Frameworks",
				);
				HEADER_SEARCH_PATHS = "$(inherited)";
				INFOPLIST_FILE = anzen.xcodeproj/Utils_Info.plist;
				LD_RUNPATH_SEARCH_PATHS = "$(inherited) $(TOOLCHAIN_DIR)/usr/lib/swift/macosx";
				OTHER_CFLAGS = "$(inherited)";
				OTHER_LDFLAGS = "$(inherited)";
				OTHER_SWIFT_FLAGS = "$(inherited)";
				PRODUCT_BUNDLE_IDENTIFIER = Utils;
				PRODUCT_MODULE_NAME = "$(TARGET_NAME:c99extidentifier)";
				PRODUCT_NAME = "$(TARGET_NAME:c99extidentifier)";
				SKIP_INSTALL = YES;
				SWIFT_VERSION = 4.0;
				TARGET_NAME = Utils;
			};
			name = Release;
		};
		OBJ_170 /* Debug */ = {
			isa = XCBuildConfiguration;
			buildSettings = {
				FRAMEWORK_SEARCH_PATHS = (
					"$(inherited)",
					"$(PLATFORM_DIR)/Developer/Library/Frameworks",
				);
				HEADER_SEARCH_PATHS = "$(inherited)";
				INFOPLIST_FILE = anzen.xcodeproj/anzen_Info.plist;
				LD_RUNPATH_SEARCH_PATHS = "$(inherited) $(TOOLCHAIN_DIR)/usr/lib/swift/macosx @executable_path";
				OTHER_CFLAGS = "$(inherited)";
				OTHER_LDFLAGS = "$(inherited)";
				OTHER_SWIFT_FLAGS = "$(inherited)";
				SWIFT_FORCE_DYNAMIC_LINK_STDLIB = YES;
				SWIFT_FORCE_STATIC_LINK_STDLIB = NO;
				SWIFT_VERSION = 4.0;
				TARGET_NAME = anzen;
			};
			name = Debug;
		};
		OBJ_171 /* Release */ = {
			isa = XCBuildConfiguration;
			buildSettings = {
				FRAMEWORK_SEARCH_PATHS = (
					"$(inherited)",
					"$(PLATFORM_DIR)/Developer/Library/Frameworks",
				);
				HEADER_SEARCH_PATHS = "$(inherited)";
				INFOPLIST_FILE = anzen.xcodeproj/anzen_Info.plist;
				LD_RUNPATH_SEARCH_PATHS = "$(inherited) $(TOOLCHAIN_DIR)/usr/lib/swift/macosx @executable_path";
				OTHER_CFLAGS = "$(inherited)";
				OTHER_LDFLAGS = "$(inherited)";
				OTHER_SWIFT_FLAGS = "$(inherited)";
				SWIFT_FORCE_DYNAMIC_LINK_STDLIB = YES;
				SWIFT_FORCE_STATIC_LINK_STDLIB = NO;
				SWIFT_VERSION = 4.0;
				TARGET_NAME = anzen;
			};
			name = Release;
		};
		OBJ_188 /* Debug */ = {
			isa = XCBuildConfiguration;
			buildSettings = {
				LD = /usr/bin/true;
				OTHER_SWIFT_FLAGS = "-swift-version 4 -I $(TOOLCHAIN_DIR)/usr/lib/swift/pm/4 -target x86_64-apple-macosx10.10 -sdk /Applications/Xcode.app/Contents/Developer/Platforms/MacOSX.platform/Developer/SDKs/MacOSX10.13.sdk";
				SWIFT_VERSION = 4.0;
			};
			name = Debug;
		};
		OBJ_189 /* Release */ = {
			isa = XCBuildConfiguration;
			buildSettings = {
				LD = /usr/bin/true;
				OTHER_SWIFT_FLAGS = "-swift-version 4 -I $(TOOLCHAIN_DIR)/usr/lib/swift/pm/4 -target x86_64-apple-macosx10.10 -sdk /Applications/Xcode.app/Contents/Developer/Platforms/MacOSX.platform/Developer/SDKs/MacOSX10.13.sdk";
				SWIFT_VERSION = 4.0;
			};
			name = Release;
		};
		OBJ_3 /* Debug */ = {
			isa = XCBuildConfiguration;
			buildSettings = {
				CLANG_ENABLE_OBJC_ARC = YES;
				COMBINE_HIDPI_IMAGES = YES;
				COPY_PHASE_STRIP = NO;
				DEBUG_INFORMATION_FORMAT = dwarf;
				DYLIB_INSTALL_NAME_BASE = "@rpath";
				ENABLE_NS_ASSERTIONS = YES;
				GCC_OPTIMIZATION_LEVEL = 0;
				MACOSX_DEPLOYMENT_TARGET = 10.10;
				ONLY_ACTIVE_ARCH = YES;
				OTHER_SWIFT_FLAGS = "-DXcode";
				PRODUCT_NAME = "$(TARGET_NAME)";
				SDKROOT = macosx;
				SUPPORTED_PLATFORMS = "macosx iphoneos iphonesimulator appletvos appletvsimulator watchos watchsimulator";
				SWIFT_ACTIVE_COMPILATION_CONDITIONS = SWIFT_PACKAGE;
				SWIFT_OPTIMIZATION_LEVEL = "-Onone";
				USE_HEADERMAP = NO;
			};
			name = Debug;
		};
		OBJ_4 /* Release */ = {
			isa = XCBuildConfiguration;
			buildSettings = {
				CLANG_ENABLE_OBJC_ARC = YES;
				COMBINE_HIDPI_IMAGES = YES;
				COPY_PHASE_STRIP = YES;
				DEBUG_INFORMATION_FORMAT = "dwarf-with-dsym";
				DYLIB_INSTALL_NAME_BASE = "@rpath";
				GCC_OPTIMIZATION_LEVEL = s;
				MACOSX_DEPLOYMENT_TARGET = 10.10;
				OTHER_SWIFT_FLAGS = "-DXcode";
				PRODUCT_NAME = "$(TARGET_NAME)";
				SDKROOT = macosx;
				SUPPORTED_PLATFORMS = "macosx iphoneos iphonesimulator appletvos appletvsimulator watchos watchsimulator";
				SWIFT_ACTIVE_COMPILATION_CONDITIONS = SWIFT_PACKAGE;
				SWIFT_OPTIMIZATION_LEVEL = "-Owholemodule";
				USE_HEADERMAP = NO;
			};
			name = Release;
		};
		OBJ_77 /* Debug */ = {
			isa = XCBuildConfiguration;
			buildSettings = {
				ENABLE_TESTABILITY = YES;
				FRAMEWORK_SEARCH_PATHS = (
					"$(inherited)",
					"$(PLATFORM_DIR)/Developer/Library/Frameworks",
				);
				HEADER_SEARCH_PATHS = "$(inherited)";
				INFOPLIST_FILE = anzen.xcodeproj/AST_Info.plist;
				LD_RUNPATH_SEARCH_PATHS = "$(inherited) $(TOOLCHAIN_DIR)/usr/lib/swift/macosx";
				OTHER_CFLAGS = "$(inherited)";
				OTHER_LDFLAGS = "$(inherited)";
				OTHER_SWIFT_FLAGS = "$(inherited)";
				PRODUCT_BUNDLE_IDENTIFIER = AST;
				PRODUCT_MODULE_NAME = "$(TARGET_NAME:c99extidentifier)";
				PRODUCT_NAME = "$(TARGET_NAME:c99extidentifier)";
				SKIP_INSTALL = YES;
				SWIFT_VERSION = 4.0;
				TARGET_NAME = AST;
			};
			name = Debug;
		};
		OBJ_78 /* Release */ = {
			isa = XCBuildConfiguration;
			buildSettings = {
				ENABLE_TESTABILITY = YES;
				FRAMEWORK_SEARCH_PATHS = (
					"$(inherited)",
					"$(PLATFORM_DIR)/Developer/Library/Frameworks",
				);
				HEADER_SEARCH_PATHS = "$(inherited)";
				INFOPLIST_FILE = anzen.xcodeproj/AST_Info.plist;
				LD_RUNPATH_SEARCH_PATHS = "$(inherited) $(TOOLCHAIN_DIR)/usr/lib/swift/macosx";
				OTHER_CFLAGS = "$(inherited)";
				OTHER_LDFLAGS = "$(inherited)";
				OTHER_SWIFT_FLAGS = "$(inherited)";
				PRODUCT_BUNDLE_IDENTIFIER = AST;
				PRODUCT_MODULE_NAME = "$(TARGET_NAME:c99extidentifier)";
				PRODUCT_NAME = "$(TARGET_NAME:c99extidentifier)";
				SKIP_INSTALL = YES;
				SWIFT_VERSION = 4.0;
				TARGET_NAME = AST;
			};
			name = Release;
		};
		OBJ_99 /* Debug */ = {
			isa = XCBuildConfiguration;
			buildSettings = {
				ENABLE_TESTABILITY = YES;
				FRAMEWORK_SEARCH_PATHS = (
					"$(inherited)",
					"$(PLATFORM_DIR)/Developer/Library/Frameworks",
				);
				HEADER_SEARCH_PATHS = "$(inherited)";
				INFOPLIST_FILE = anzen.xcodeproj/Interpreter_Info.plist;
				LD_RUNPATH_SEARCH_PATHS = "$(inherited) $(TOOLCHAIN_DIR)/usr/lib/swift/macosx";
				OTHER_CFLAGS = "$(inherited)";
				OTHER_LDFLAGS = "$(inherited)";
				OTHER_SWIFT_FLAGS = "$(inherited)";
				PRODUCT_BUNDLE_IDENTIFIER = Interpreter;
				PRODUCT_MODULE_NAME = "$(TARGET_NAME:c99extidentifier)";
				PRODUCT_NAME = "$(TARGET_NAME:c99extidentifier)";
				SKIP_INSTALL = YES;
				SWIFT_VERSION = 4.0;
				TARGET_NAME = Interpreter;
			};
			name = Debug;
		};
/* End XCBuildConfiguration section */

/* Begin XCConfigurationList section */
		OBJ_119 /* Build configuration list for PBXNativeTarget "Parser" */ = {
			isa = XCConfigurationList;
			buildConfigurations = (
				OBJ_120 /* Debug */,
				OBJ_121 /* Release */,
			);
			defaultConfigurationIsVisible = 0;
			defaultConfigurationName = Release;
		};
		OBJ_137 /* Build configuration list for PBXNativeTarget "Sema" */ = {
			isa = XCConfigurationList;
			buildConfigurations = (
				OBJ_138 /* Debug */,
				OBJ_139 /* Release */,
			);
			defaultConfigurationIsVisible = 0;
			defaultConfigurationName = Release;
		};
		OBJ_154 /* Build configuration list for PBXNativeTarget "Utils" */ = {
			isa = XCConfigurationList;
			buildConfigurations = (
				OBJ_155 /* Debug */,
				OBJ_156 /* Release */,
			);
			defaultConfigurationIsVisible = 0;
			defaultConfigurationName = Release;
		};
		OBJ_169 /* Build configuration list for PBXNativeTarget "anzen" */ = {
			isa = XCConfigurationList;
			buildConfigurations = (
				OBJ_170 /* Debug */,
				OBJ_171 /* Release */,
			);
			defaultConfigurationIsVisible = 0;
			defaultConfigurationName = Release;
		};
		OBJ_187 /* Build configuration list for PBXNativeTarget "anzenPackageDescription" */ = {
			isa = XCConfigurationList;
			buildConfigurations = (
				OBJ_188 /* Debug */,
				OBJ_189 /* Release */,
			);
			defaultConfigurationIsVisible = 0;
			defaultConfigurationName = Release;
		};
		OBJ_2 /* Build configuration list for PBXProject "anzen" */ = {
			isa = XCConfigurationList;
			buildConfigurations = (
				OBJ_3 /* Debug */,
				OBJ_4 /* Release */,
			);
			defaultConfigurationIsVisible = 0;
			defaultConfigurationName = Release;
		};
		OBJ_76 /* Build configuration list for PBXNativeTarget "AST" */ = {
			isa = XCConfigurationList;
			buildConfigurations = (
				OBJ_77 /* Debug */,
				OBJ_78 /* Release */,
			);
			defaultConfigurationIsVisible = 0;
			defaultConfigurationName = Release;
		};
		OBJ_98 /* Build configuration list for PBXNativeTarget "Interpreter" */ = {
			isa = XCConfigurationList;
			buildConfigurations = (
				OBJ_99 /* Debug */,
				OBJ_100 /* Release */,
			);
			defaultConfigurationIsVisible = 0;
			defaultConfigurationName = Release;
		};
/* End XCConfigurationList section */
	};
	rootObject = OBJ_1 /* Project object */;
}
