// !$*UTF8*$!
{
	archiveVersion = 1;
	classes = {
	};
	objectVersion = 46;
	objects = {

/* Begin PBXAggregateTarget section */
		"anzen::anzenPackageTests::ProductTarget" /* anzenPackageTests */ = {
			isa = PBXAggregateTarget;
			buildConfigurationList = OBJ_209 /* Build configuration list for PBXAggregateTarget "anzenPackageTests" */;
			buildPhases = (
			);
			dependencies = (
				OBJ_212 /* PBXTargetDependency */,
			);
			name = anzenPackageTests;
			productName = anzenPackageTests;
		};
/* End PBXAggregateTarget section */

/* Begin PBXBuildFile section */
		75285A7020C184BA007E436B /* Diagnostic.swift in Sources */ = {isa = PBXBuildFile; fileRef = 75285A6F20C184BA007E436B /* Diagnostic.swift */; };
		75285A7220C18A49007E436B /* Parser.framework in Frameworks */ = {isa = PBXBuildFile; fileRef = "anzen::Parser::Product" /* Parser.framework */; };
		75285A7620C54108007E436B /* StyledString.swift in Sources */ = {isa = PBXBuildFile; fileRef = 75285A7520C54108007E436B /* StyledString.swift */; };
		75285A7B20C5F809007E436B /* Path.swift in Sources */ = {isa = PBXBuildFile; fileRef = 75285A7A20C5F809007E436B /* Path.swift */; };
		75ED04F320C0405000305579 /* ModuleLoader.swift in Sources */ = {isa = PBXBuildFile; fileRef = OBJ_58 /* ModuleLoader.swift */; };
		75ED04F520C0409E00305579 /* ModuleIdentifier.swift in Sources */ = {isa = PBXBuildFile; fileRef = 75ED04F420C0409E00305579 /* ModuleIdentifier.swift */; };
		75ED04F720C05EB100305579 /* Stopwatch.swift in Sources */ = {isa = PBXBuildFile; fileRef = 75ED04F620C05EB100305579 /* Stopwatch.swift */; };
		OBJ_104 /* Builtins.swift in Sources */ = {isa = PBXBuildFile; fileRef = OBJ_27 /* Builtins.swift */; };
		OBJ_105 /* BytecodeEmitter.swift in Sources */ = {isa = PBXBuildFile; fileRef = OBJ_28 /* BytecodeEmitter.swift */; };
		OBJ_106 /* Context.swift in Sources */ = {isa = PBXBuildFile; fileRef = OBJ_29 /* Context.swift */; };
		OBJ_107 /* FunctionBoundary.swift in Sources */ = {isa = PBXBuildFile; fileRef = OBJ_30 /* FunctionBoundary.swift */; };
		OBJ_108 /* Instruction.swift in Sources */ = {isa = PBXBuildFile; fileRef = OBJ_31 /* Instruction.swift */; };
		OBJ_109 /* InstructionBlock.swift in Sources */ = {isa = PBXBuildFile; fileRef = OBJ_32 /* InstructionBlock.swift */; };
		OBJ_110 /* Interpreter.swift in Sources */ = {isa = PBXBuildFile; fileRef = OBJ_33 /* Interpreter.swift */; };
		OBJ_111 /* RuntimeError.swift in Sources */ = {isa = PBXBuildFile; fileRef = OBJ_34 /* RuntimeError.swift */; };
		OBJ_112 /* Type+PrettyPrint.swift in Sources */ = {isa = PBXBuildFile; fileRef = OBJ_35 /* Type+PrettyPrint.swift */; };
		OBJ_113 /* Type.swift in Sources */ = {isa = PBXBuildFile; fileRef = OBJ_36 /* Type.swift */; };
		OBJ_114 /* Value.swift in Sources */ = {isa = PBXBuildFile; fileRef = OBJ_37 /* Value.swift */; };
		OBJ_116 /* AST.framework in Frameworks */ = {isa = PBXBuildFile; fileRef = "anzen::AST::Product" /* AST.framework */; };
		OBJ_117 /* Utils.framework in Frameworks */ = {isa = PBXBuildFile; fileRef = "anzen::Utils::Product" /* Utils.framework */; };
		OBJ_125 /* Lexer.swift in Sources */ = {isa = PBXBuildFile; fileRef = OBJ_18 /* Lexer.swift */; };
		OBJ_126 /* ParseError.swift in Sources */ = {isa = PBXBuildFile; fileRef = OBJ_19 /* ParseError.swift */; };
		OBJ_127 /* Parser+Declaration.swift in Sources */ = {isa = PBXBuildFile; fileRef = OBJ_20 /* Parser+Declaration.swift */; };
		OBJ_128 /* Parser+Expression.swift in Sources */ = {isa = PBXBuildFile; fileRef = OBJ_21 /* Parser+Expression.swift */; };
		OBJ_129 /* Parser+Statement.swift in Sources */ = {isa = PBXBuildFile; fileRef = OBJ_22 /* Parser+Statement.swift */; };
		OBJ_130 /* Parser+Type.swift in Sources */ = {isa = PBXBuildFile; fileRef = OBJ_23 /* Parser+Type.swift */; };
		OBJ_131 /* Parser.swift in Sources */ = {isa = PBXBuildFile; fileRef = OBJ_24 /* Parser.swift */; };
		OBJ_132 /* Token.swift in Sources */ = {isa = PBXBuildFile; fileRef = OBJ_25 /* Token.swift */; };
		OBJ_134 /* AST.framework in Frameworks */ = {isa = PBXBuildFile; fileRef = "anzen::AST::Product" /* AST.framework */; };
		OBJ_135 /* Utils.framework in Frameworks */ = {isa = PBXBuildFile; fileRef = "anzen::Utils::Product" /* Utils.framework */; };
		OBJ_143 /* ConstraintCreator.swift in Sources */ = {isa = PBXBuildFile; fileRef = OBJ_42 /* ConstraintCreator.swift */; };
		OBJ_144 /* ConstraintSolver.swift in Sources */ = {isa = PBXBuildFile; fileRef = OBJ_43 /* ConstraintSolver.swift */; };
		OBJ_145 /* NameBinder.swift in Sources */ = {isa = PBXBuildFile; fileRef = OBJ_44 /* NameBinder.swift */; };
		OBJ_146 /* SAError.swift in Sources */ = {isa = PBXBuildFile; fileRef = OBJ_45 /* SAError.swift */; };
		OBJ_147 /* SAPass.swift in Sources */ = {isa = PBXBuildFile; fileRef = OBJ_46 /* SAPass.swift */; };
		OBJ_148 /* SubstitutionTable.swift in Sources */ = {isa = PBXBuildFile; fileRef = OBJ_47 /* SubstitutionTable.swift */; };
		OBJ_149 /* SymbolCreator.swift in Sources */ = {isa = PBXBuildFile; fileRef = OBJ_48 /* SymbolCreator.swift */; };
		OBJ_150 /* TypeApplier.swift in Sources */ = {isa = PBXBuildFile; fileRef = OBJ_49 /* TypeApplier.swift */; };
		OBJ_152 /* AST.framework in Frameworks */ = {isa = PBXBuildFile; fileRef = "anzen::AST::Product" /* AST.framework */; };
		OBJ_153 /* Utils.framework in Frameworks */ = {isa = PBXBuildFile; fileRef = "anzen::Utils::Product" /* Utils.framework */; };
		OBJ_161 /* SemaTests.swift in Sources */ = {isa = PBXBuildFile; fileRef = OBJ_66 /* SemaTests.swift */; };
		OBJ_163 /* Sema.framework in Frameworks */ = {isa = PBXBuildFile; fileRef = "anzen::Sema::Product" /* Sema.framework */; };
		OBJ_164 /* Parser.framework in Frameworks */ = {isa = PBXBuildFile; fileRef = "anzen::Parser::Product" /* Parser.framework */; };
		OBJ_165 /* AST.framework in Frameworks */ = {isa = PBXBuildFile; fileRef = "anzen::AST::Product" /* AST.framework */; };
		OBJ_166 /* Utils.framework in Frameworks */ = {isa = PBXBuildFile; fileRef = "anzen::Utils::Product" /* Utils.framework */; };
		OBJ_175 /* Console.swift in Sources */ = {isa = PBXBuildFile; fileRef = OBJ_9 /* Console.swift */; };
		OBJ_176 /* IOStream.swift in Sources */ = {isa = PBXBuildFile; fileRef = OBJ_10 /* IOStream.swift */; };
		OBJ_177 /* OrderedMap.swift in Sources */ = {isa = PBXBuildFile; fileRef = OBJ_11 /* OrderedMap.swift */; };
		OBJ_178 /* Sequence+Extensions.swift in Sources */ = {isa = PBXBuildFile; fileRef = OBJ_12 /* Sequence+Extensions.swift */; };
		OBJ_179 /* SortedArray.swift in Sources */ = {isa = PBXBuildFile; fileRef = OBJ_13 /* SortedArray.swift */; };
		OBJ_180 /* Stack.swift in Sources */ = {isa = PBXBuildFile; fileRef = OBJ_14 /* Stack.swift */; };
		OBJ_182 /* Unreachable.swift in Sources */ = {isa = PBXBuildFile; fileRef = OBJ_16 /* Unreachable.swift */; };
		OBJ_190 /* main.swift in Sources */ = {isa = PBXBuildFile; fileRef = OBJ_40 /* main.swift */; };
		OBJ_192 /* Sema.framework in Frameworks */ = {isa = PBXBuildFile; fileRef = "anzen::Sema::Product" /* Sema.framework */; };
		OBJ_193 /* Interpreter.framework in Frameworks */ = {isa = PBXBuildFile; fileRef = "anzen::Interpreter::Product" /* Interpreter.framework */; };
		OBJ_194 /* Parser.framework in Frameworks */ = {isa = PBXBuildFile; fileRef = "anzen::Parser::Product" /* Parser.framework */; };
		OBJ_195 /* AST.framework in Frameworks */ = {isa = PBXBuildFile; fileRef = "anzen::AST::Product" /* AST.framework */; };
		OBJ_196 /* Utils.framework in Frameworks */ = {isa = PBXBuildFile; fileRef = "anzen::Utils::Product" /* Utils.framework */; };
		OBJ_207 /* Package.swift in Sources */ = {isa = PBXBuildFile; fileRef = OBJ_6 /* Package.swift */; };
		OBJ_82 /* AST.swift in Sources */ = {isa = PBXBuildFile; fileRef = OBJ_51 /* AST.swift */; };
		OBJ_83 /* ASTContext.swift in Sources */ = {isa = PBXBuildFile; fileRef = OBJ_52 /* ASTContext.swift */; };
		OBJ_84 /* ASTPrinter.swift in Sources */ = {isa = PBXBuildFile; fileRef = OBJ_53 /* ASTPrinter.swift */; };
		OBJ_85 /* ASTVisitor+Traversal.swift in Sources */ = {isa = PBXBuildFile; fileRef = OBJ_54 /* ASTVisitor+Traversal.swift */; };
		OBJ_86 /* ASTVisitor.swift in Sources */ = {isa = PBXBuildFile; fileRef = OBJ_55 /* ASTVisitor.swift */; };
		OBJ_87 /* Constraint+PrettyPrint.swift in Sources */ = {isa = PBXBuildFile; fileRef = OBJ_56 /* Constraint+PrettyPrint.swift */; };
		OBJ_88 /* Constraint.swift in Sources */ = {isa = PBXBuildFile; fileRef = OBJ_57 /* Constraint.swift */; };
		OBJ_90 /* Operator.swift in Sources */ = {isa = PBXBuildFile; fileRef = OBJ_59 /* Operator.swift */; };
		OBJ_91 /* Scope.swift in Sources */ = {isa = PBXBuildFile; fileRef = OBJ_60 /* Scope.swift */; };
		OBJ_92 /* ASTSource.swift in Sources */ = {isa = PBXBuildFile; fileRef = OBJ_61 /* ASTSource.swift */; };
		OBJ_93 /* Symbol.swift in Sources */ = {isa = PBXBuildFile; fileRef = OBJ_62 /* Symbol.swift */; };
		OBJ_94 /* Type.swift in Sources */ = {isa = PBXBuildFile; fileRef = OBJ_63 /* Type.swift */; };
		OBJ_96 /* Utils.framework in Frameworks */ = {isa = PBXBuildFile; fileRef = "anzen::Utils::Product" /* Utils.framework */; };
/* End PBXBuildFile section */

/* Begin PBXContainerItemProxy section */
		757FB00520C03C3A00733D1A /* PBXContainerItemProxy */ = {
			isa = PBXContainerItemProxy;
			containerPortal = OBJ_1 /* Project object */;
			proxyType = 1;
			remoteGlobalIDString = "anzen::Sema";
			remoteInfo = Sema;
		};
		757FB00620C03C3A00733D1A /* PBXContainerItemProxy */ = {
			isa = PBXContainerItemProxy;
			containerPortal = OBJ_1 /* Project object */;
			proxyType = 1;
			remoteGlobalIDString = "anzen::AST";
			remoteInfo = AST;
		};
		757FB00720C03C3A00733D1A /* PBXContainerItemProxy */ = {
			isa = PBXContainerItemProxy;
			containerPortal = OBJ_1 /* Project object */;
			proxyType = 1;
			remoteGlobalIDString = "anzen::Utils";
			remoteInfo = Utils;
		};
		757FB00820C03C3A00733D1A /* PBXContainerItemProxy */ = {
			isa = PBXContainerItemProxy;
			containerPortal = OBJ_1 /* Project object */;
			proxyType = 1;
			remoteGlobalIDString = "anzen::Utils";
			remoteInfo = Utils;
		};
		757FB00920C03C3A00733D1A /* PBXContainerItemProxy */ = {
			isa = PBXContainerItemProxy;
			containerPortal = OBJ_1 /* Project object */;
			proxyType = 1;
			remoteGlobalIDString = "anzen::Interpreter";
			remoteInfo = Interpreter;
		};
		757FB00A20C03C3A00733D1A /* PBXContainerItemProxy */ = {
			isa = PBXContainerItemProxy;
			containerPortal = OBJ_1 /* Project object */;
			proxyType = 1;
			remoteGlobalIDString = "anzen::AST";
			remoteInfo = AST;
		};
		757FB00B20C03C3A00733D1A /* PBXContainerItemProxy */ = {
			isa = PBXContainerItemProxy;
			containerPortal = OBJ_1 /* Project object */;
			proxyType = 1;
			remoteGlobalIDString = "anzen::Utils";
			remoteInfo = Utils;
		};
		757FB00C20C03C3A00733D1A /* PBXContainerItemProxy */ = {
			isa = PBXContainerItemProxy;
			containerPortal = OBJ_1 /* Project object */;
			proxyType = 1;
			remoteGlobalIDString = "anzen::Parser";
			remoteInfo = Parser;
		};
		757FB00D20C03C3A00733D1A /* PBXContainerItemProxy */ = {
			isa = PBXContainerItemProxy;
			containerPortal = OBJ_1 /* Project object */;
			proxyType = 1;
			remoteGlobalIDString = "anzen::AST";
			remoteInfo = AST;
		};
		757FB00E20C03C3A00733D1A /* PBXContainerItemProxy */ = {
			isa = PBXContainerItemProxy;
			containerPortal = OBJ_1 /* Project object */;
			proxyType = 1;
			remoteGlobalIDString = "anzen::Utils";
			remoteInfo = Utils;
		};
		757FB00F20C03C3A00733D1A /* PBXContainerItemProxy */ = {
			isa = PBXContainerItemProxy;
			containerPortal = OBJ_1 /* Project object */;
			proxyType = 1;
			remoteGlobalIDString = "anzen::AST";
			remoteInfo = AST;
		};
		757FB01020C03C3A00733D1A /* PBXContainerItemProxy */ = {
			isa = PBXContainerItemProxy;
			containerPortal = OBJ_1 /* Project object */;
			proxyType = 1;
			remoteGlobalIDString = "anzen::Utils";
			remoteInfo = Utils;
		};
		757FB01120C03C3B00733D1A /* PBXContainerItemProxy */ = {
			isa = PBXContainerItemProxy;
			containerPortal = OBJ_1 /* Project object */;
			proxyType = 1;
			remoteGlobalIDString = "anzen::Sema";
			remoteInfo = Sema;
		};
		757FB01220C03C3B00733D1A /* PBXContainerItemProxy */ = {
			isa = PBXContainerItemProxy;
			containerPortal = OBJ_1 /* Project object */;
			proxyType = 1;
			remoteGlobalIDString = "anzen::Parser";
			remoteInfo = Parser;
		};
		757FB01320C03C3B00733D1A /* PBXContainerItemProxy */ = {
			isa = PBXContainerItemProxy;
			containerPortal = OBJ_1 /* Project object */;
			proxyType = 1;
			remoteGlobalIDString = "anzen::AST";
			remoteInfo = AST;
		};
		757FB01420C03C3B00733D1A /* PBXContainerItemProxy */ = {
			isa = PBXContainerItemProxy;
			containerPortal = OBJ_1 /* Project object */;
			proxyType = 1;
			remoteGlobalIDString = "anzen::Utils";
			remoteInfo = Utils;
		};
		757FB01520C03C3B00733D1A /* PBXContainerItemProxy */ = {
			isa = PBXContainerItemProxy;
			containerPortal = OBJ_1 /* Project object */;
			proxyType = 1;
			remoteGlobalIDString = "anzen::SemaTests";
			remoteInfo = SemaTests;
		};
/* End PBXContainerItemProxy section */

/* Begin PBXFileReference section */
		75285A6F20C184BA007E436B /* Diagnostic.swift */ = {isa = PBXFileReference; lastKnownFileType = sourcecode.swift; path = Diagnostic.swift; sourceTree = "<group>"; };
		75285A7520C54108007E436B /* StyledString.swift */ = {isa = PBXFileReference; lastKnownFileType = sourcecode.swift; path = StyledString.swift; sourceTree = "<group>"; };
		75285A7A20C5F809007E436B /* Path.swift */ = {isa = PBXFileReference; lastKnownFileType = sourcecode.swift; path = Path.swift; sourceTree = "<group>"; };
		75ED04F420C0409E00305579 /* ModuleIdentifier.swift */ = {isa = PBXFileReference; lastKnownFileType = sourcecode.swift; path = ModuleIdentifier.swift; sourceTree = "<group>"; };
		75ED04F620C05EB100305579 /* Stopwatch.swift */ = {isa = PBXFileReference; lastKnownFileType = sourcecode.swift; path = Stopwatch.swift; sourceTree = "<group>"; };
		OBJ_10 /* IOStream.swift */ = {isa = PBXFileReference; lastKnownFileType = sourcecode.swift; path = IOStream.swift; sourceTree = "<group>"; };
		OBJ_11 /* OrderedMap.swift */ = {isa = PBXFileReference; lastKnownFileType = sourcecode.swift; path = OrderedMap.swift; sourceTree = "<group>"; };
		OBJ_12 /* Sequence+Extensions.swift */ = {isa = PBXFileReference; lastKnownFileType = sourcecode.swift; path = "Sequence+Extensions.swift"; sourceTree = "<group>"; };
		OBJ_13 /* SortedArray.swift */ = {isa = PBXFileReference; lastKnownFileType = sourcecode.swift; path = SortedArray.swift; sourceTree = "<group>"; };
		OBJ_14 /* Stack.swift */ = {isa = PBXFileReference; lastKnownFileType = sourcecode.swift; path = Stack.swift; sourceTree = "<group>"; };
		OBJ_16 /* Unreachable.swift */ = {isa = PBXFileReference; lastKnownFileType = sourcecode.swift; path = Unreachable.swift; sourceTree = "<group>"; };
		OBJ_18 /* Lexer.swift */ = {isa = PBXFileReference; lastKnownFileType = sourcecode.swift; path = Lexer.swift; sourceTree = "<group>"; };
		OBJ_19 /* ParseError.swift */ = {isa = PBXFileReference; lastKnownFileType = sourcecode.swift; path = ParseError.swift; sourceTree = "<group>"; };
		OBJ_20 /* Parser+Declaration.swift */ = {isa = PBXFileReference; lastKnownFileType = sourcecode.swift; path = "Parser+Declaration.swift"; sourceTree = "<group>"; };
		OBJ_21 /* Parser+Expression.swift */ = {isa = PBXFileReference; lastKnownFileType = sourcecode.swift; path = "Parser+Expression.swift"; sourceTree = "<group>"; };
		OBJ_22 /* Parser+Statement.swift */ = {isa = PBXFileReference; lastKnownFileType = sourcecode.swift; path = "Parser+Statement.swift"; sourceTree = "<group>"; };
		OBJ_23 /* Parser+Type.swift */ = {isa = PBXFileReference; lastKnownFileType = sourcecode.swift; path = "Parser+Type.swift"; sourceTree = "<group>"; };
		OBJ_24 /* Parser.swift */ = {isa = PBXFileReference; lastKnownFileType = sourcecode.swift; path = Parser.swift; sourceTree = "<group>"; };
		OBJ_25 /* Token.swift */ = {isa = PBXFileReference; lastKnownFileType = sourcecode.swift; path = Token.swift; sourceTree = "<group>"; };
		OBJ_27 /* Builtins.swift */ = {isa = PBXFileReference; lastKnownFileType = sourcecode.swift; path = Builtins.swift; sourceTree = "<group>"; };
		OBJ_28 /* BytecodeEmitter.swift */ = {isa = PBXFileReference; lastKnownFileType = sourcecode.swift; path = BytecodeEmitter.swift; sourceTree = "<group>"; };
		OBJ_29 /* Context.swift */ = {isa = PBXFileReference; lastKnownFileType = sourcecode.swift; path = Context.swift; sourceTree = "<group>"; };
		OBJ_30 /* FunctionBoundary.swift */ = {isa = PBXFileReference; lastKnownFileType = sourcecode.swift; path = FunctionBoundary.swift; sourceTree = "<group>"; };
		OBJ_31 /* Instruction.swift */ = {isa = PBXFileReference; lastKnownFileType = sourcecode.swift; path = Instruction.swift; sourceTree = "<group>"; };
		OBJ_32 /* InstructionBlock.swift */ = {isa = PBXFileReference; lastKnownFileType = sourcecode.swift; path = InstructionBlock.swift; sourceTree = "<group>"; };
		OBJ_33 /* Interpreter.swift */ = {isa = PBXFileReference; lastKnownFileType = sourcecode.swift; path = Interpreter.swift; sourceTree = "<group>"; };
		OBJ_34 /* RuntimeError.swift */ = {isa = PBXFileReference; lastKnownFileType = sourcecode.swift; path = RuntimeError.swift; sourceTree = "<group>"; };
		OBJ_35 /* Type+PrettyPrint.swift */ = {isa = PBXFileReference; lastKnownFileType = sourcecode.swift; path = "Type+PrettyPrint.swift"; sourceTree = "<group>"; };
		OBJ_36 /* Type.swift */ = {isa = PBXFileReference; lastKnownFileType = sourcecode.swift; path = Type.swift; sourceTree = "<group>"; };
		OBJ_37 /* Value.swift */ = {isa = PBXFileReference; lastKnownFileType = sourcecode.swift; path = Value.swift; sourceTree = "<group>"; };
		OBJ_40 /* main.swift */ = {isa = PBXFileReference; lastKnownFileType = sourcecode.swift; path = main.swift; sourceTree = "<group>"; };
		OBJ_42 /* ConstraintCreator.swift */ = {isa = PBXFileReference; lastKnownFileType = sourcecode.swift; path = ConstraintCreator.swift; sourceTree = "<group>"; };
		OBJ_43 /* ConstraintSolver.swift */ = {isa = PBXFileReference; lastKnownFileType = sourcecode.swift; path = ConstraintSolver.swift; sourceTree = "<group>"; };
		OBJ_44 /* NameBinder.swift */ = {isa = PBXFileReference; lastKnownFileType = sourcecode.swift; path = NameBinder.swift; sourceTree = "<group>"; };
		OBJ_45 /* SAError.swift */ = {isa = PBXFileReference; lastKnownFileType = sourcecode.swift; path = SAError.swift; sourceTree = "<group>"; };
		OBJ_46 /* SAPass.swift */ = {isa = PBXFileReference; lastKnownFileType = sourcecode.swift; path = SAPass.swift; sourceTree = "<group>"; };
		OBJ_47 /* SubstitutionTable.swift */ = {isa = PBXFileReference; lastKnownFileType = sourcecode.swift; path = SubstitutionTable.swift; sourceTree = "<group>"; };
		OBJ_48 /* SymbolCreator.swift */ = {isa = PBXFileReference; lastKnownFileType = sourcecode.swift; path = SymbolCreator.swift; sourceTree = "<group>"; };
		OBJ_49 /* TypeApplier.swift */ = {isa = PBXFileReference; lastKnownFileType = sourcecode.swift; path = TypeApplier.swift; sourceTree = "<group>"; };
		OBJ_51 /* AST.swift */ = {isa = PBXFileReference; lastKnownFileType = sourcecode.swift; path = AST.swift; sourceTree = "<group>"; };
		OBJ_52 /* ASTContext.swift */ = {isa = PBXFileReference; lastKnownFileType = sourcecode.swift; path = ASTContext.swift; sourceTree = "<group>"; };
		OBJ_53 /* ASTPrinter.swift */ = {isa = PBXFileReference; lastKnownFileType = sourcecode.swift; path = ASTPrinter.swift; sourceTree = "<group>"; };
		OBJ_54 /* ASTVisitor+Traversal.swift */ = {isa = PBXFileReference; lastKnownFileType = sourcecode.swift; path = "ASTVisitor+Traversal.swift"; sourceTree = "<group>"; };
		OBJ_55 /* ASTVisitor.swift */ = {isa = PBXFileReference; lastKnownFileType = sourcecode.swift; path = ASTVisitor.swift; sourceTree = "<group>"; };
		OBJ_56 /* Constraint+PrettyPrint.swift */ = {isa = PBXFileReference; lastKnownFileType = sourcecode.swift; path = "Constraint+PrettyPrint.swift"; sourceTree = "<group>"; };
		OBJ_57 /* Constraint.swift */ = {isa = PBXFileReference; lastKnownFileType = sourcecode.swift; path = Constraint.swift; sourceTree = "<group>"; };
		OBJ_58 /* ModuleLoader.swift */ = {isa = PBXFileReference; lastKnownFileType = sourcecode.swift; path = ModuleLoader.swift; sourceTree = "<group>"; };
		OBJ_59 /* Operator.swift */ = {isa = PBXFileReference; lastKnownFileType = sourcecode.swift; path = Operator.swift; sourceTree = "<group>"; };
		OBJ_6 /* Package.swift */ = {isa = PBXFileReference; explicitFileType = sourcecode.swift; path = Package.swift; sourceTree = "<group>"; };
		OBJ_60 /* Scope.swift */ = {isa = PBXFileReference; lastKnownFileType = sourcecode.swift; path = Scope.swift; sourceTree = "<group>"; };
		OBJ_61 /* ASTSource.swift */ = {isa = PBXFileReference; lastKnownFileType = sourcecode.swift; path = ASTSource.swift; sourceTree = "<group>"; };
		OBJ_62 /* Symbol.swift */ = {isa = PBXFileReference; lastKnownFileType = sourcecode.swift; path = Symbol.swift; sourceTree = "<group>"; };
		OBJ_63 /* Type.swift */ = {isa = PBXFileReference; lastKnownFileType = sourcecode.swift; path = Type.swift; sourceTree = "<group>"; };
		OBJ_66 /* SemaTests.swift */ = {isa = PBXFileReference; lastKnownFileType = sourcecode.swift; path = SemaTests.swift; sourceTree = "<group>"; };
		OBJ_67 /* InputSamples */ = {isa = PBXFileReference; lastKnownFileType = folder; path = InputSamples; sourceTree = SOURCE_ROOT; };
		OBJ_68 /* docs */ = {isa = PBXFileReference; lastKnownFileType = folder; path = docs; sourceTree = SOURCE_ROOT; };
		OBJ_9 /* Console.swift */ = {isa = PBXFileReference; lastKnownFileType = sourcecode.swift; path = Console.swift; sourceTree = "<group>"; };
		"anzen::AST::Product" /* AST.framework */ = {isa = PBXFileReference; explicitFileType = wrapper.framework; path = AST.framework; sourceTree = BUILT_PRODUCTS_DIR; };
		"anzen::Interpreter::Product" /* Interpreter.framework */ = {isa = PBXFileReference; explicitFileType = wrapper.framework; path = Interpreter.framework; sourceTree = BUILT_PRODUCTS_DIR; };
		"anzen::Parser::Product" /* Parser.framework */ = {isa = PBXFileReference; explicitFileType = wrapper.framework; path = Parser.framework; sourceTree = BUILT_PRODUCTS_DIR; };
		"anzen::Sema::Product" /* Sema.framework */ = {isa = PBXFileReference; explicitFileType = wrapper.framework; path = Sema.framework; sourceTree = BUILT_PRODUCTS_DIR; };
		"anzen::SemaTests::Product" /* SemaTests.xctest */ = {isa = PBXFileReference; lastKnownFileType = file; path = SemaTests.xctest; sourceTree = BUILT_PRODUCTS_DIR; };
		"anzen::Utils::Product" /* Utils.framework */ = {isa = PBXFileReference; explicitFileType = wrapper.framework; path = Utils.framework; sourceTree = BUILT_PRODUCTS_DIR; };
		"anzen::anzen::Product" /* anzen */ = {isa = PBXFileReference; lastKnownFileType = text; path = anzen; sourceTree = BUILT_PRODUCTS_DIR; };
/* End PBXFileReference section */

/* Begin PBXFrameworksBuildPhase section */
		OBJ_115 /* Frameworks */ = {
			isa = PBXFrameworksBuildPhase;
			buildActionMask = 0;
			files = (
				OBJ_116 /* AST.framework in Frameworks */,
				OBJ_117 /* Utils.framework in Frameworks */,
			);
			runOnlyForDeploymentPostprocessing = 0;
		};
		OBJ_133 /* Frameworks */ = {
			isa = PBXFrameworksBuildPhase;
			buildActionMask = 0;
			files = (
				OBJ_134 /* AST.framework in Frameworks */,
				OBJ_135 /* Utils.framework in Frameworks */,
			);
			runOnlyForDeploymentPostprocessing = 0;
		};
		OBJ_151 /* Frameworks */ = {
			isa = PBXFrameworksBuildPhase;
			buildActionMask = 0;
			files = (
				75285A7220C18A49007E436B /* Parser.framework in Frameworks */,
				OBJ_152 /* AST.framework in Frameworks */,
				OBJ_153 /* Utils.framework in Frameworks */,
			);
			runOnlyForDeploymentPostprocessing = 0;
		};
		OBJ_162 /* Frameworks */ = {
			isa = PBXFrameworksBuildPhase;
			buildActionMask = 0;
			files = (
				OBJ_163 /* Sema.framework in Frameworks */,
				OBJ_164 /* Parser.framework in Frameworks */,
				OBJ_165 /* AST.framework in Frameworks */,
				OBJ_166 /* Utils.framework in Frameworks */,
			);
			runOnlyForDeploymentPostprocessing = 0;
		};
		OBJ_183 /* Frameworks */ = {
			isa = PBXFrameworksBuildPhase;
			buildActionMask = 0;
			files = (
			);
			runOnlyForDeploymentPostprocessing = 0;
		};
		OBJ_191 /* Frameworks */ = {
			isa = PBXFrameworksBuildPhase;
			buildActionMask = 0;
			files = (
				OBJ_192 /* Sema.framework in Frameworks */,
				OBJ_193 /* Interpreter.framework in Frameworks */,
				OBJ_194 /* Parser.framework in Frameworks */,
				OBJ_195 /* AST.framework in Frameworks */,
				OBJ_196 /* Utils.framework in Frameworks */,
			);
			runOnlyForDeploymentPostprocessing = 0;
		};
		OBJ_95 /* Frameworks */ = {
			isa = PBXFrameworksBuildPhase;
			buildActionMask = 0;
			files = (
				OBJ_96 /* Utils.framework in Frameworks */,
			);
			runOnlyForDeploymentPostprocessing = 0;
		};
/* End PBXFrameworksBuildPhase section */

/* Begin PBXGroup section */
		75285A7120C18A49007E436B /* Frameworks */ = {
			isa = PBXGroup;
			children = (
			);
			name = Frameworks;
			sourceTree = "<group>";
		};
		75285A7920C5F7C3007E436B /* IO */ = {
			isa = PBXGroup;
			children = (
				OBJ_9 /* Console.swift */,
				OBJ_10 /* IOStream.swift */,
				75285A7A20C5F809007E436B /* Path.swift */,
			);
			path = IO;
			sourceTree = "<group>";
		};
		OBJ_17 /* Parser */ = {
			isa = PBXGroup;
			children = (
				OBJ_18 /* Lexer.swift */,
				OBJ_19 /* ParseError.swift */,
				OBJ_20 /* Parser+Declaration.swift */,
				OBJ_21 /* Parser+Expression.swift */,
				OBJ_22 /* Parser+Statement.swift */,
				OBJ_23 /* Parser+Type.swift */,
				OBJ_24 /* Parser.swift */,
				OBJ_25 /* Token.swift */,
			);
			name = Parser;
			path = Sources/Parser;
			sourceTree = SOURCE_ROOT;
		};
		OBJ_26 /* Interpreter */ = {
			isa = PBXGroup;
			children = (
				OBJ_27 /* Builtins.swift */,
				OBJ_28 /* BytecodeEmitter.swift */,
				OBJ_29 /* Context.swift */,
				OBJ_30 /* FunctionBoundary.swift */,
				OBJ_31 /* Instruction.swift */,
				OBJ_32 /* InstructionBlock.swift */,
				OBJ_33 /* Interpreter.swift */,
				OBJ_34 /* RuntimeError.swift */,
				OBJ_35 /* Type+PrettyPrint.swift */,
				OBJ_36 /* Type.swift */,
				OBJ_37 /* Value.swift */,
			);
			name = Interpreter;
			path = Sources/Interpreter;
			sourceTree = SOURCE_ROOT;
		};
		OBJ_38 /* anzen */ = {
			isa = PBXGroup;
			children = (
				OBJ_40 /* main.swift */,
				75285A6F20C184BA007E436B /* Diagnostic.swift */,
			);
			name = anzen;
			path = Sources/anzen;
			sourceTree = SOURCE_ROOT;
		};
		OBJ_41 /* Sema */ = {
			isa = PBXGroup;
			children = (
				OBJ_42 /* ConstraintCreator.swift */,
				OBJ_43 /* ConstraintSolver.swift */,
				OBJ_58 /* ModuleLoader.swift */,
				OBJ_44 /* NameBinder.swift */,
				OBJ_45 /* SAError.swift */,
				OBJ_46 /* SAPass.swift */,
				OBJ_47 /* SubstitutionTable.swift */,
				OBJ_48 /* SymbolCreator.swift */,
				OBJ_49 /* TypeApplier.swift */,
			);
			name = Sema;
			path = Sources/Sema;
			sourceTree = SOURCE_ROOT;
		};
		OBJ_5 = {
			isa = PBXGroup;
			children = (
				OBJ_6 /* Package.swift */,
				OBJ_7 /* Sources */,
				OBJ_64 /* Tests */,
				OBJ_67 /* InputSamples */,
				OBJ_68 /* docs */,
				OBJ_69 /* Products */,
				75285A7120C18A49007E436B /* Frameworks */,
			);
			sourceTree = "<group>";
		};
		OBJ_50 /* AST */ = {
			isa = PBXGroup;
			children = (
				OBJ_51 /* AST.swift */,
				OBJ_52 /* ASTContext.swift */,
				OBJ_53 /* ASTPrinter.swift */,
				OBJ_61 /* ASTSource.swift */,
				OBJ_54 /* ASTVisitor+Traversal.swift */,
				OBJ_55 /* ASTVisitor.swift */,
				OBJ_56 /* Constraint+PrettyPrint.swift */,
				OBJ_57 /* Constraint.swift */,
				75ED04F420C0409E00305579 /* ModuleIdentifier.swift */,
				OBJ_59 /* Operator.swift */,
				OBJ_60 /* Scope.swift */,
				OBJ_62 /* Symbol.swift */,
				OBJ_63 /* Type.swift */,
			);
			name = AST;
			path = Sources/AST;
			sourceTree = SOURCE_ROOT;
		};
		OBJ_64 /* Tests */ = {
			isa = PBXGroup;
			children = (
				OBJ_65 /* SemaTests */,
			);
			name = Tests;
			sourceTree = SOURCE_ROOT;
		};
		OBJ_65 /* SemaTests */ = {
			isa = PBXGroup;
			children = (
				OBJ_66 /* SemaTests.swift */,
			);
			name = SemaTests;
			path = Tests/SemaTests;
			sourceTree = SOURCE_ROOT;
		};
		OBJ_69 /* Products */ = {
			isa = PBXGroup;
			children = (
				"anzen::SemaTests::Product" /* SemaTests.xctest */,
				"anzen::Utils::Product" /* Utils.framework */,
				"anzen::Sema::Product" /* Sema.framework */,
				"anzen::anzen::Product" /* anzen */,
				"anzen::Parser::Product" /* Parser.framework */,
				"anzen::Interpreter::Product" /* Interpreter.framework */,
				"anzen::AST::Product" /* AST.framework */,
			);
			name = Products;
			sourceTree = BUILT_PRODUCTS_DIR;
		};
		OBJ_7 /* Sources */ = {
			isa = PBXGroup;
			children = (
				OBJ_38 /* anzen */,
				OBJ_50 /* AST */,
				OBJ_17 /* Parser */,
				OBJ_41 /* Sema */,
				OBJ_26 /* Interpreter */,
				OBJ_8 /* Utils */,
			);
			name = Sources;
			sourceTree = SOURCE_ROOT;
		};
		OBJ_8 /* Utils */ = {
			isa = PBXGroup;
			children = (
				75285A7920C5F7C3007E436B /* IO */,
				OBJ_11 /* OrderedMap.swift */,
				OBJ_12 /* Sequence+Extensions.swift */,
				OBJ_13 /* SortedArray.swift */,
				OBJ_14 /* Stack.swift */,
				75ED04F620C05EB100305579 /* Stopwatch.swift */,
				75285A7520C54108007E436B /* StyledString.swift */,
				OBJ_16 /* Unreachable.swift */,
			);
			name = Utils;
			path = Sources/Utils;
			sourceTree = SOURCE_ROOT;
		};
/* End PBXGroup section */

/* Begin PBXNativeTarget section */
		"anzen::AST" /* AST */ = {
			isa = PBXNativeTarget;
			buildConfigurationList = OBJ_78 /* Build configuration list for PBXNativeTarget "AST" */;
			buildPhases = (
				OBJ_81 /* Sources */,
				OBJ_95 /* Frameworks */,
			);
			buildRules = (
			);
			dependencies = (
				OBJ_97 /* PBXTargetDependency */,
			);
			name = AST;
			productName = AST;
			productReference = "anzen::AST::Product" /* AST.framework */;
			productType = "com.apple.product-type.framework";
		};
		"anzen::Interpreter" /* Interpreter */ = {
			isa = PBXNativeTarget;
			buildConfigurationList = OBJ_100 /* Build configuration list for PBXNativeTarget "Interpreter" */;
			buildPhases = (
				OBJ_103 /* Sources */,
				OBJ_115 /* Frameworks */,
			);
			buildRules = (
			);
			dependencies = (
				OBJ_118 /* PBXTargetDependency */,
				OBJ_119 /* PBXTargetDependency */,
			);
			name = Interpreter;
			productName = Interpreter;
			productReference = "anzen::Interpreter::Product" /* Interpreter.framework */;
			productType = "com.apple.product-type.framework";
		};
		"anzen::Parser" /* Parser */ = {
			isa = PBXNativeTarget;
			buildConfigurationList = OBJ_121 /* Build configuration list for PBXNativeTarget "Parser" */;
			buildPhases = (
				OBJ_124 /* Sources */,
				OBJ_133 /* Frameworks */,
			);
			buildRules = (
			);
			dependencies = (
				OBJ_136 /* PBXTargetDependency */,
				OBJ_137 /* PBXTargetDependency */,
			);
			name = Parser;
			productName = Parser;
			productReference = "anzen::Parser::Product" /* Parser.framework */;
			productType = "com.apple.product-type.framework";
		};
		"anzen::Sema" /* Sema */ = {
			isa = PBXNativeTarget;
			buildConfigurationList = OBJ_139 /* Build configuration list for PBXNativeTarget "Sema" */;
			buildPhases = (
				OBJ_142 /* Sources */,
				OBJ_151 /* Frameworks */,
			);
			buildRules = (
			);
			dependencies = (
				OBJ_154 /* PBXTargetDependency */,
				OBJ_155 /* PBXTargetDependency */,
			);
			name = Sema;
			productName = Sema;
			productReference = "anzen::Sema::Product" /* Sema.framework */;
			productType = "com.apple.product-type.framework";
		};
		"anzen::SemaTests" /* SemaTests */ = {
			isa = PBXNativeTarget;
			buildConfigurationList = OBJ_157 /* Build configuration list for PBXNativeTarget "SemaTests" */;
			buildPhases = (
				OBJ_160 /* Sources */,
				OBJ_162 /* Frameworks */,
			);
			buildRules = (
			);
			dependencies = (
				OBJ_167 /* PBXTargetDependency */,
				OBJ_168 /* PBXTargetDependency */,
				OBJ_169 /* PBXTargetDependency */,
				OBJ_170 /* PBXTargetDependency */,
			);
			name = SemaTests;
			productName = SemaTests;
			productReference = "anzen::SemaTests::Product" /* SemaTests.xctest */;
			productType = "com.apple.product-type.bundle.unit-test";
		};
		"anzen::SwiftPMPackageDescription" /* anzenPackageDescription */ = {
			isa = PBXNativeTarget;
			buildConfigurationList = OBJ_203 /* Build configuration list for PBXNativeTarget "anzenPackageDescription" */;
			buildPhases = (
				OBJ_206 /* Sources */,
			);
			buildRules = (
			);
			dependencies = (
			);
			name = anzenPackageDescription;
			productName = anzenPackageDescription;
			productType = "com.apple.product-type.framework";
		};
		"anzen::Utils" /* Utils */ = {
			isa = PBXNativeTarget;
			buildConfigurationList = OBJ_171 /* Build configuration list for PBXNativeTarget "Utils" */;
			buildPhases = (
				OBJ_174 /* Sources */,
				OBJ_183 /* Frameworks */,
			);
			buildRules = (
			);
			dependencies = (
			);
			name = Utils;
			productName = Utils;
			productReference = "anzen::Utils::Product" /* Utils.framework */;
			productType = "com.apple.product-type.framework";
		};
		"anzen::anzen" /* anzen */ = {
			isa = PBXNativeTarget;
			buildConfigurationList = OBJ_185 /* Build configuration list for PBXNativeTarget "anzen" */;
			buildPhases = (
				OBJ_188 /* Sources */,
				OBJ_191 /* Frameworks */,
				75ED04F220C03D2500305579 /* ShellScript */,
			);
			buildRules = (
			);
			dependencies = (
				OBJ_197 /* PBXTargetDependency */,
				OBJ_198 /* PBXTargetDependency */,
				OBJ_199 /* PBXTargetDependency */,
				OBJ_200 /* PBXTargetDependency */,
				OBJ_201 /* PBXTargetDependency */,
			);
			name = anzen;
			productName = anzen;
			productReference = "anzen::anzen::Product" /* anzen */;
			productType = "com.apple.product-type.tool";
		};
/* End PBXNativeTarget section */

/* Begin PBXProject section */
		OBJ_1 /* Project object */ = {
			isa = PBXProject;
			attributes = {
				LastUpgradeCheck = 9999;
			};
			buildConfigurationList = OBJ_2 /* Build configuration list for PBXProject "anzen" */;
			compatibilityVersion = "Xcode 3.2";
			developmentRegion = English;
			hasScannedForEncodings = 0;
			knownRegions = (
				en,
			);
			mainGroup = OBJ_5;
			productRefGroup = OBJ_69 /* Products */;
			projectDirPath = "";
			projectRoot = "";
			targets = (
				"anzen::AST" /* AST */,
				"anzen::Interpreter" /* Interpreter */,
				"anzen::Parser" /* Parser */,
				"anzen::Sema" /* Sema */,
				"anzen::SemaTests" /* SemaTests */,
				"anzen::Utils" /* Utils */,
				"anzen::anzen" /* anzen */,
				"anzen::SwiftPMPackageDescription" /* anzenPackageDescription */,
				"anzen::anzenPackageTests::ProductTarget" /* anzenPackageTests */,
			);
		};
/* End PBXProject section */

/* Begin PBXShellScriptBuildPhase section */
		75ED04F220C03D2500305579 /* ShellScript */ = {
			isa = PBXShellScriptBuildPhase;
			buildActionMask = 2147483647;
			files = (
			);
			inputPaths = (
			);
			outputPaths = (
			);
			runOnlyForDeploymentPostprocessing = 0;
			shellPath = /bin/sh;
			shellScript = "if which swiftlint >/dev/null; then\nswiftlint\nelse\necho \"warning: SwiftLint not installed, download from https://github.com/realm/SwiftLint\"\nfi";
		};
/* End PBXShellScriptBuildPhase section */

/* Begin PBXSourcesBuildPhase section */
		OBJ_103 /* Sources */ = {
			isa = PBXSourcesBuildPhase;
			buildActionMask = 0;
			files = (
				OBJ_104 /* Builtins.swift in Sources */,
				OBJ_105 /* BytecodeEmitter.swift in Sources */,
				OBJ_106 /* Context.swift in Sources */,
				OBJ_107 /* FunctionBoundary.swift in Sources */,
				OBJ_108 /* Instruction.swift in Sources */,
				OBJ_109 /* InstructionBlock.swift in Sources */,
				OBJ_110 /* Interpreter.swift in Sources */,
				OBJ_111 /* RuntimeError.swift in Sources */,
				OBJ_112 /* Type+PrettyPrint.swift in Sources */,
				OBJ_113 /* Type.swift in Sources */,
				OBJ_114 /* Value.swift in Sources */,
			);
			runOnlyForDeploymentPostprocessing = 0;
		};
		OBJ_124 /* Sources */ = {
			isa = PBXSourcesBuildPhase;
			buildActionMask = 0;
			files = (
				OBJ_125 /* Lexer.swift in Sources */,
				OBJ_126 /* ParseError.swift in Sources */,
				OBJ_127 /* Parser+Declaration.swift in Sources */,
				OBJ_128 /* Parser+Expression.swift in Sources */,
				OBJ_129 /* Parser+Statement.swift in Sources */,
				OBJ_130 /* Parser+Type.swift in Sources */,
				OBJ_131 /* Parser.swift in Sources */,
				OBJ_132 /* Token.swift in Sources */,
			);
			runOnlyForDeploymentPostprocessing = 0;
		};
		OBJ_142 /* Sources */ = {
			isa = PBXSourcesBuildPhase;
			buildActionMask = 0;
			files = (
				OBJ_143 /* ConstraintCreator.swift in Sources */,
				OBJ_144 /* ConstraintSolver.swift in Sources */,
				OBJ_145 /* NameBinder.swift in Sources */,
				OBJ_146 /* SAError.swift in Sources */,
				OBJ_147 /* SAPass.swift in Sources */,
				OBJ_148 /* SubstitutionTable.swift in Sources */,
				75ED04F320C0405000305579 /* ModuleLoader.swift in Sources */,
				OBJ_149 /* SymbolCreator.swift in Sources */,
				OBJ_150 /* TypeApplier.swift in Sources */,
			);
			runOnlyForDeploymentPostprocessing = 0;
		};
		OBJ_160 /* Sources */ = {
			isa = PBXSourcesBuildPhase;
			buildActionMask = 0;
			files = (
				OBJ_161 /* SemaTests.swift in Sources */,
			);
			runOnlyForDeploymentPostprocessing = 0;
		};
		OBJ_174 /* Sources */ = {
			isa = PBXSourcesBuildPhase;
			buildActionMask = 0;
			files = (
				OBJ_175 /* Console.swift in Sources */,
				OBJ_176 /* IOStream.swift in Sources */,
				OBJ_177 /* OrderedMap.swift in Sources */,
				75285A7620C54108007E436B /* StyledString.swift in Sources */,
				OBJ_178 /* Sequence+Extensions.swift in Sources */,
				75ED04F720C05EB100305579 /* Stopwatch.swift in Sources */,
				OBJ_179 /* SortedArray.swift in Sources */,
				OBJ_180 /* Stack.swift in Sources */,
				75285A7B20C5F809007E436B /* Path.swift in Sources */,
				OBJ_182 /* Unreachable.swift in Sources */,
			);
			runOnlyForDeploymentPostprocessing = 0;
		};
		OBJ_188 /* Sources */ = {
			isa = PBXSourcesBuildPhase;
			buildActionMask = 0;
			files = (
				75285A7020C184BA007E436B /* Diagnostic.swift in Sources */,
				OBJ_190 /* main.swift in Sources */,
			);
			runOnlyForDeploymentPostprocessing = 0;
		};
		OBJ_206 /* Sources */ = {
			isa = PBXSourcesBuildPhase;
			buildActionMask = 0;
			files = (
				OBJ_207 /* Package.swift in Sources */,
			);
			runOnlyForDeploymentPostprocessing = 0;
		};
		OBJ_81 /* Sources */ = {
			isa = PBXSourcesBuildPhase;
			buildActionMask = 0;
			files = (
				OBJ_82 /* AST.swift in Sources */,
				OBJ_83 /* ASTContext.swift in Sources */,
				75ED04F520C0409E00305579 /* ModuleIdentifier.swift in Sources */,
				OBJ_84 /* ASTPrinter.swift in Sources */,
				OBJ_85 /* ASTVisitor+Traversal.swift in Sources */,
				OBJ_86 /* ASTVisitor.swift in Sources */,
				OBJ_87 /* Constraint+PrettyPrint.swift in Sources */,
				OBJ_88 /* Constraint.swift in Sources */,
				OBJ_90 /* Operator.swift in Sources */,
				OBJ_91 /* Scope.swift in Sources */,
				OBJ_92 /* ASTSource.swift in Sources */,
				OBJ_93 /* Symbol.swift in Sources */,
				OBJ_94 /* Type.swift in Sources */,
			);
			runOnlyForDeploymentPostprocessing = 0;
		};
/* End PBXSourcesBuildPhase section */

/* Begin PBXTargetDependency section */
		OBJ_118 /* PBXTargetDependency */ = {
			isa = PBXTargetDependency;
			target = "anzen::AST" /* AST */;
			targetProxy = 757FB00A20C03C3A00733D1A /* PBXContainerItemProxy */;
		};
		OBJ_119 /* PBXTargetDependency */ = {
			isa = PBXTargetDependency;
			target = "anzen::Utils" /* Utils */;
			targetProxy = 757FB00B20C03C3A00733D1A /* PBXContainerItemProxy */;
		};
		OBJ_136 /* PBXTargetDependency */ = {
			isa = PBXTargetDependency;
			target = "anzen::AST" /* AST */;
			targetProxy = 757FB00D20C03C3A00733D1A /* PBXContainerItemProxy */;
		};
		OBJ_137 /* PBXTargetDependency */ = {
			isa = PBXTargetDependency;
			target = "anzen::Utils" /* Utils */;
			targetProxy = 757FB00E20C03C3A00733D1A /* PBXContainerItemProxy */;
		};
		OBJ_154 /* PBXTargetDependency */ = {
			isa = PBXTargetDependency;
			target = "anzen::AST" /* AST */;
			targetProxy = 757FB00620C03C3A00733D1A /* PBXContainerItemProxy */;
		};
		OBJ_155 /* PBXTargetDependency */ = {
			isa = PBXTargetDependency;
			target = "anzen::Utils" /* Utils */;
			targetProxy = 757FB00820C03C3A00733D1A /* PBXContainerItemProxy */;
		};
		OBJ_167 /* PBXTargetDependency */ = {
			isa = PBXTargetDependency;
			target = "anzen::Sema" /* Sema */;
			targetProxy = 757FB01120C03C3B00733D1A /* PBXContainerItemProxy */;
		};
		OBJ_168 /* PBXTargetDependency */ = {
			isa = PBXTargetDependency;
			target = "anzen::Parser" /* Parser */;
			targetProxy = 757FB01220C03C3B00733D1A /* PBXContainerItemProxy */;
		};
		OBJ_169 /* PBXTargetDependency */ = {
			isa = PBXTargetDependency;
			target = "anzen::AST" /* AST */;
			targetProxy = 757FB01320C03C3B00733D1A /* PBXContainerItemProxy */;
		};
		OBJ_170 /* PBXTargetDependency */ = {
			isa = PBXTargetDependency;
			target = "anzen::Utils" /* Utils */;
			targetProxy = 757FB01420C03C3B00733D1A /* PBXContainerItemProxy */;
		};
		OBJ_197 /* PBXTargetDependency */ = {
			isa = PBXTargetDependency;
			target = "anzen::Sema" /* Sema */;
			targetProxy = 757FB00520C03C3A00733D1A /* PBXContainerItemProxy */;
		};
		OBJ_198 /* PBXTargetDependency */ = {
			isa = PBXTargetDependency;
			target = "anzen::Interpreter" /* Interpreter */;
			targetProxy = 757FB00920C03C3A00733D1A /* PBXContainerItemProxy */;
		};
		OBJ_199 /* PBXTargetDependency */ = {
			isa = PBXTargetDependency;
			target = "anzen::Parser" /* Parser */;
			targetProxy = 757FB00C20C03C3A00733D1A /* PBXContainerItemProxy */;
		};
		OBJ_200 /* PBXTargetDependency */ = {
			isa = PBXTargetDependency;
			target = "anzen::AST" /* AST */;
			targetProxy = 757FB00F20C03C3A00733D1A /* PBXContainerItemProxy */;
		};
		OBJ_201 /* PBXTargetDependency */ = {
			isa = PBXTargetDependency;
			target = "anzen::Utils" /* Utils */;
			targetProxy = 757FB01020C03C3A00733D1A /* PBXContainerItemProxy */;
		};
		OBJ_212 /* PBXTargetDependency */ = {
			isa = PBXTargetDependency;
			target = "anzen::SemaTests" /* SemaTests */;
			targetProxy = 757FB01520C03C3B00733D1A /* PBXContainerItemProxy */;
		};
		OBJ_97 /* PBXTargetDependency */ = {
			isa = PBXTargetDependency;
			target = "anzen::Utils" /* Utils */;
			targetProxy = 757FB00720C03C3A00733D1A /* PBXContainerItemProxy */;
		};
/* End PBXTargetDependency section */

/* Begin XCBuildConfiguration section */
		OBJ_101 /* Debug */ = {
			isa = XCBuildConfiguration;
			buildSettings = {
				ENABLE_TESTABILITY = YES;
				FRAMEWORK_SEARCH_PATHS = (
					"$(inherited)",
					"$(PLATFORM_DIR)/Developer/Library/Frameworks",
				);
				HEADER_SEARCH_PATHS = "$(inherited)";
				INFOPLIST_FILE = anzen.xcodeproj/Interpreter_Info.plist;
				LD_RUNPATH_SEARCH_PATHS = "$(inherited) $(TOOLCHAIN_DIR)/usr/lib/swift/macosx";
				OTHER_CFLAGS = "$(inherited)";
				OTHER_LDFLAGS = "$(inherited)";
				OTHER_SWIFT_FLAGS = "$(inherited)";
				PRODUCT_BUNDLE_IDENTIFIER = Interpreter;
				PRODUCT_MODULE_NAME = "$(TARGET_NAME:c99extidentifier)";
				PRODUCT_NAME = "$(TARGET_NAME:c99extidentifier)";
				SKIP_INSTALL = YES;
				SWIFT_VERSION = 4.0;
				TARGET_NAME = Interpreter;
			};
			name = Debug;
		};
		OBJ_102 /* Release */ = {
			isa = XCBuildConfiguration;
			buildSettings = {
				ENABLE_TESTABILITY = YES;
				FRAMEWORK_SEARCH_PATHS = (
					"$(inherited)",
					"$(PLATFORM_DIR)/Developer/Library/Frameworks",
				);
				HEADER_SEARCH_PATHS = "$(inherited)";
				INFOPLIST_FILE = anzen.xcodeproj/Interpreter_Info.plist;
				LD_RUNPATH_SEARCH_PATHS = "$(inherited) $(TOOLCHAIN_DIR)/usr/lib/swift/macosx";
				OTHER_CFLAGS = "$(inherited)";
				OTHER_LDFLAGS = "$(inherited)";
				OTHER_SWIFT_FLAGS = "$(inherited)";
				PRODUCT_BUNDLE_IDENTIFIER = Interpreter;
				PRODUCT_MODULE_NAME = "$(TARGET_NAME:c99extidentifier)";
				PRODUCT_NAME = "$(TARGET_NAME:c99extidentifier)";
				SKIP_INSTALL = YES;
				SWIFT_VERSION = 4.0;
				TARGET_NAME = Interpreter;
			};
			name = Release;
		};
		OBJ_122 /* Debug */ = {
			isa = XCBuildConfiguration;
			buildSettings = {
				ENABLE_TESTABILITY = YES;
				FRAMEWORK_SEARCH_PATHS = (
					"$(inherited)",
					"$(PLATFORM_DIR)/Developer/Library/Frameworks",
				);
				HEADER_SEARCH_PATHS = "$(inherited)";
				INFOPLIST_FILE = anzen.xcodeproj/Parser_Info.plist;
				LD_RUNPATH_SEARCH_PATHS = "$(inherited) $(TOOLCHAIN_DIR)/usr/lib/swift/macosx";
				OTHER_CFLAGS = "$(inherited)";
				OTHER_LDFLAGS = "$(inherited)";
				OTHER_SWIFT_FLAGS = "$(inherited)";
				PRODUCT_BUNDLE_IDENTIFIER = Parser;
				PRODUCT_MODULE_NAME = "$(TARGET_NAME:c99extidentifier)";
				PRODUCT_NAME = "$(TARGET_NAME:c99extidentifier)";
				SKIP_INSTALL = YES;
				SWIFT_VERSION = 4.0;
				TARGET_NAME = Parser;
			};
			name = Debug;
		};
		OBJ_123 /* Release */ = {
			isa = XCBuildConfiguration;
			buildSettings = {
				ENABLE_TESTABILITY = YES;
				FRAMEWORK_SEARCH_PATHS = (
					"$(inherited)",
					"$(PLATFORM_DIR)/Developer/Library/Frameworks",
				);
				HEADER_SEARCH_PATHS = "$(inherited)";
				INFOPLIST_FILE = anzen.xcodeproj/Parser_Info.plist;
				LD_RUNPATH_SEARCH_PATHS = "$(inherited) $(TOOLCHAIN_DIR)/usr/lib/swift/macosx";
				OTHER_CFLAGS = "$(inherited)";
				OTHER_LDFLAGS = "$(inherited)";
				OTHER_SWIFT_FLAGS = "$(inherited)";
				PRODUCT_BUNDLE_IDENTIFIER = Parser;
				PRODUCT_MODULE_NAME = "$(TARGET_NAME:c99extidentifier)";
				PRODUCT_NAME = "$(TARGET_NAME:c99extidentifier)";
				SKIP_INSTALL = YES;
				SWIFT_VERSION = 4.0;
				TARGET_NAME = Parser;
			};
			name = Release;
		};
		OBJ_140 /* Debug */ = {
			isa = XCBuildConfiguration;
			buildSettings = {
				ENABLE_TESTABILITY = YES;
				FRAMEWORK_SEARCH_PATHS = (
					"$(inherited)",
					"$(PLATFORM_DIR)/Developer/Library/Frameworks",
				);
				HEADER_SEARCH_PATHS = "$(inherited)";
				INFOPLIST_FILE = anzen.xcodeproj/Sema_Info.plist;
				LD_RUNPATH_SEARCH_PATHS = "$(inherited) $(TOOLCHAIN_DIR)/usr/lib/swift/macosx";
				OTHER_CFLAGS = "$(inherited)";
				OTHER_LDFLAGS = "$(inherited)";
				OTHER_SWIFT_FLAGS = "$(inherited)";
				PRODUCT_BUNDLE_IDENTIFIER = Sema;
				PRODUCT_MODULE_NAME = "$(TARGET_NAME:c99extidentifier)";
				PRODUCT_NAME = "$(TARGET_NAME:c99extidentifier)";
				SKIP_INSTALL = YES;
				SWIFT_VERSION = 4.0;
				TARGET_NAME = Sema;
			};
			name = Debug;
		};
		OBJ_141 /* Release */ = {
			isa = XCBuildConfiguration;
			buildSettings = {
				ENABLE_TESTABILITY = YES;
				FRAMEWORK_SEARCH_PATHS = (
					"$(inherited)",
					"$(PLATFORM_DIR)/Developer/Library/Frameworks",
				);
				HEADER_SEARCH_PATHS = "$(inherited)";
				INFOPLIST_FILE = anzen.xcodeproj/Sema_Info.plist;
				LD_RUNPATH_SEARCH_PATHS = "$(inherited) $(TOOLCHAIN_DIR)/usr/lib/swift/macosx";
				OTHER_CFLAGS = "$(inherited)";
				OTHER_LDFLAGS = "$(inherited)";
				OTHER_SWIFT_FLAGS = "$(inherited)";
				PRODUCT_BUNDLE_IDENTIFIER = Sema;
				PRODUCT_MODULE_NAME = "$(TARGET_NAME:c99extidentifier)";
				PRODUCT_NAME = "$(TARGET_NAME:c99extidentifier)";
				SKIP_INSTALL = YES;
				SWIFT_VERSION = 4.0;
				TARGET_NAME = Sema;
			};
			name = Release;
		};
		OBJ_158 /* Debug */ = {
			isa = XCBuildConfiguration;
			buildSettings = {
				EMBEDDED_CONTENT_CONTAINS_SWIFT = YES;
				FRAMEWORK_SEARCH_PATHS = (
					"$(inherited)",
					"$(PLATFORM_DIR)/Developer/Library/Frameworks",
				);
				HEADER_SEARCH_PATHS = "$(inherited)";
				INFOPLIST_FILE = anzen.xcodeproj/SemaTests_Info.plist;
				LD_RUNPATH_SEARCH_PATHS = "$(inherited) @loader_path/../Frameworks @loader_path/Frameworks";
				OTHER_CFLAGS = "$(inherited)";
				OTHER_LDFLAGS = "$(inherited)";
				OTHER_SWIFT_FLAGS = "$(inherited)";
				SWIFT_VERSION = 4.0;
				TARGET_NAME = SemaTests;
			};
			name = Debug;
		};
		OBJ_159 /* Release */ = {
			isa = XCBuildConfiguration;
			buildSettings = {
				EMBEDDED_CONTENT_CONTAINS_SWIFT = YES;
				FRAMEWORK_SEARCH_PATHS = (
					"$(inherited)",
					"$(PLATFORM_DIR)/Developer/Library/Frameworks",
				);
				HEADER_SEARCH_PATHS = "$(inherited)";
				INFOPLIST_FILE = anzen.xcodeproj/SemaTests_Info.plist;
				LD_RUNPATH_SEARCH_PATHS = "$(inherited) @loader_path/../Frameworks @loader_path/Frameworks";
				OTHER_CFLAGS = "$(inherited)";
				OTHER_LDFLAGS = "$(inherited)";
				OTHER_SWIFT_FLAGS = "$(inherited)";
				SWIFT_VERSION = 4.0;
				TARGET_NAME = SemaTests;
			};
			name = Release;
		};
		OBJ_172 /* Debug */ = {
			isa = XCBuildConfiguration;
			buildSettings = {
				ENABLE_TESTABILITY = YES;
				FRAMEWORK_SEARCH_PATHS = (
					"$(inherited)",
					"$(PLATFORM_DIR)/Developer/Library/Frameworks",
				);
				HEADER_SEARCH_PATHS = "$(inherited)";
				INFOPLIST_FILE = anzen.xcodeproj/Utils_Info.plist;
				LD_RUNPATH_SEARCH_PATHS = "$(inherited) $(TOOLCHAIN_DIR)/usr/lib/swift/macosx";
				OTHER_CFLAGS = "$(inherited)";
				OTHER_LDFLAGS = "$(inherited)";
				OTHER_SWIFT_FLAGS = "$(inherited)";
				PRODUCT_BUNDLE_IDENTIFIER = Utils;
				PRODUCT_MODULE_NAME = "$(TARGET_NAME:c99extidentifier)";
				PRODUCT_NAME = "$(TARGET_NAME:c99extidentifier)";
				SKIP_INSTALL = YES;
				SWIFT_VERSION = 4.0;
				TARGET_NAME = Utils;
			};
			name = Debug;
		};
		OBJ_173 /* Release */ = {
			isa = XCBuildConfiguration;
			buildSettings = {
				ENABLE_TESTABILITY = YES;
				FRAMEWORK_SEARCH_PATHS = (
					"$(inherited)",
					"$(PLATFORM_DIR)/Developer/Library/Frameworks",
				);
				HEADER_SEARCH_PATHS = "$(inherited)";
				INFOPLIST_FILE = anzen.xcodeproj/Utils_Info.plist;
				LD_RUNPATH_SEARCH_PATHS = "$(inherited) $(TOOLCHAIN_DIR)/usr/lib/swift/macosx";
				OTHER_CFLAGS = "$(inherited)";
				OTHER_LDFLAGS = "$(inherited)";
				OTHER_SWIFT_FLAGS = "$(inherited)";
				PRODUCT_BUNDLE_IDENTIFIER = Utils;
				PRODUCT_MODULE_NAME = "$(TARGET_NAME:c99extidentifier)";
				PRODUCT_NAME = "$(TARGET_NAME:c99extidentifier)";
				SKIP_INSTALL = YES;
				SWIFT_VERSION = 4.0;
				TARGET_NAME = Utils;
			};
			name = Release;
		};
		OBJ_186 /* Debug */ = {
			isa = XCBuildConfiguration;
			buildSettings = {
				FRAMEWORK_SEARCH_PATHS = (
					"$(inherited)",
					"$(PLATFORM_DIR)/Developer/Library/Frameworks",
				);
				HEADER_SEARCH_PATHS = "$(inherited)";
				INFOPLIST_FILE = anzen.xcodeproj/anzen_Info.plist;
				LD_RUNPATH_SEARCH_PATHS = "$(inherited) $(TOOLCHAIN_DIR)/usr/lib/swift/macosx @executable_path";
				OTHER_CFLAGS = "$(inherited)";
				OTHER_LDFLAGS = "$(inherited)";
				OTHER_SWIFT_FLAGS = "$(inherited)";
				SWIFT_FORCE_DYNAMIC_LINK_STDLIB = YES;
				SWIFT_FORCE_STATIC_LINK_STDLIB = NO;
				SWIFT_VERSION = 4.0;
				TARGET_NAME = anzen;
			};
			name = Debug;
		};
		OBJ_187 /* Release */ = {
			isa = XCBuildConfiguration;
			buildSettings = {
				FRAMEWORK_SEARCH_PATHS = (
					"$(inherited)",
					"$(PLATFORM_DIR)/Developer/Library/Frameworks",
				);
				HEADER_SEARCH_PATHS = "$(inherited)";
				INFOPLIST_FILE = anzen.xcodeproj/anzen_Info.plist;
				LD_RUNPATH_SEARCH_PATHS = "$(inherited) $(TOOLCHAIN_DIR)/usr/lib/swift/macosx @executable_path";
				OTHER_CFLAGS = "$(inherited)";
				OTHER_LDFLAGS = "$(inherited)";
				OTHER_SWIFT_FLAGS = "$(inherited)";
				SWIFT_FORCE_DYNAMIC_LINK_STDLIB = YES;
				SWIFT_FORCE_STATIC_LINK_STDLIB = NO;
				SWIFT_VERSION = 4.0;
				TARGET_NAME = anzen;
			};
			name = Release;
		};
		OBJ_204 /* Debug */ = {
			isa = XCBuildConfiguration;
			buildSettings = {
				LD = /usr/bin/true;
				OTHER_SWIFT_FLAGS = "-swift-version 4 -I $(TOOLCHAIN_DIR)/usr/lib/swift/pm/4 -target x86_64-apple-macosx10.10 -sdk /Applications/Xcode.app/Contents/Developer/Platforms/MacOSX.platform/Developer/SDKs/MacOSX10.13.sdk";
				SWIFT_VERSION = 4.0;
			};
			name = Debug;
		};
		OBJ_205 /* Release */ = {
			isa = XCBuildConfiguration;
			buildSettings = {
				LD = /usr/bin/true;
				OTHER_SWIFT_FLAGS = "-swift-version 4 -I $(TOOLCHAIN_DIR)/usr/lib/swift/pm/4 -target x86_64-apple-macosx10.10 -sdk /Applications/Xcode.app/Contents/Developer/Platforms/MacOSX.platform/Developer/SDKs/MacOSX10.13.sdk";
				SWIFT_VERSION = 4.0;
			};
			name = Release;
		};
		OBJ_210 /* Debug */ = {
			isa = XCBuildConfiguration;
			buildSettings = {
			};
			name = Debug;
		};
		OBJ_211 /* Release */ = {
			isa = XCBuildConfiguration;
			buildSettings = {
			};
			name = Release;
		};
		OBJ_3 /* Debug */ = {
			isa = XCBuildConfiguration;
			buildSettings = {
				CLANG_ENABLE_OBJC_ARC = YES;
				COMBINE_HIDPI_IMAGES = YES;
				COPY_PHASE_STRIP = NO;
				DEBUG_INFORMATION_FORMAT = dwarf;
				DYLIB_INSTALL_NAME_BASE = "@rpath";
				ENABLE_NS_ASSERTIONS = YES;
				GCC_OPTIMIZATION_LEVEL = 0;
				MACOSX_DEPLOYMENT_TARGET = 10.10;
				ONLY_ACTIVE_ARCH = YES;
				OTHER_SWIFT_FLAGS = "-DXcode";
				PRODUCT_NAME = "$(TARGET_NAME)";
				SDKROOT = macosx;
				SUPPORTED_PLATFORMS = "macosx iphoneos iphonesimulator appletvos appletvsimulator watchos watchsimulator";
				SWIFT_ACTIVE_COMPILATION_CONDITIONS = SWIFT_PACKAGE;
				SWIFT_OPTIMIZATION_LEVEL = "-Onone";
				USE_HEADERMAP = NO;
			};
			name = Debug;
		};
		OBJ_4 /* Release */ = {
			isa = XCBuildConfiguration;
			buildSettings = {
				CLANG_ENABLE_OBJC_ARC = YES;
				COMBINE_HIDPI_IMAGES = YES;
				COPY_PHASE_STRIP = YES;
				DEBUG_INFORMATION_FORMAT = "dwarf-with-dsym";
				DYLIB_INSTALL_NAME_BASE = "@rpath";
				GCC_OPTIMIZATION_LEVEL = s;
				MACOSX_DEPLOYMENT_TARGET = 10.10;
				OTHER_SWIFT_FLAGS = "-DXcode";
				PRODUCT_NAME = "$(TARGET_NAME)";
				SDKROOT = macosx;
				SUPPORTED_PLATFORMS = "macosx iphoneos iphonesimulator appletvos appletvsimulator watchos watchsimulator";
				SWIFT_ACTIVE_COMPILATION_CONDITIONS = SWIFT_PACKAGE;
				SWIFT_OPTIMIZATION_LEVEL = "-Owholemodule";
				USE_HEADERMAP = NO;
			};
			name = Release;
		};
		OBJ_79 /* Debug */ = {
			isa = XCBuildConfiguration;
			buildSettings = {
				ENABLE_TESTABILITY = YES;
				FRAMEWORK_SEARCH_PATHS = (
					"$(inherited)",
					"$(PLATFORM_DIR)/Developer/Library/Frameworks",
				);
				HEADER_SEARCH_PATHS = "$(inherited)";
				INFOPLIST_FILE = anzen.xcodeproj/AST_Info.plist;
				LD_RUNPATH_SEARCH_PATHS = "$(inherited) $(TOOLCHAIN_DIR)/usr/lib/swift/macosx";
				OTHER_CFLAGS = "$(inherited)";
				OTHER_LDFLAGS = "$(inherited)";
				OTHER_SWIFT_FLAGS = "$(inherited)";
				PRODUCT_BUNDLE_IDENTIFIER = AST;
				PRODUCT_MODULE_NAME = "$(TARGET_NAME:c99extidentifier)";
				PRODUCT_NAME = "$(TARGET_NAME:c99extidentifier)";
				SKIP_INSTALL = YES;
				SWIFT_VERSION = 4.0;
				TARGET_NAME = AST;
			};
			name = Debug;
		};
		OBJ_80 /* Release */ = {
			isa = XCBuildConfiguration;
			buildSettings = {
				ENABLE_TESTABILITY = YES;
				FRAMEWORK_SEARCH_PATHS = (
					"$(inherited)",
					"$(PLATFORM_DIR)/Developer/Library/Frameworks",
				);
				HEADER_SEARCH_PATHS = "$(inherited)";
				INFOPLIST_FILE = anzen.xcodeproj/AST_Info.plist;
				LD_RUNPATH_SEARCH_PATHS = "$(inherited) $(TOOLCHAIN_DIR)/usr/lib/swift/macosx";
				OTHER_CFLAGS = "$(inherited)";
				OTHER_LDFLAGS = "$(inherited)";
				OTHER_SWIFT_FLAGS = "$(inherited)";
				PRODUCT_BUNDLE_IDENTIFIER = AST;
				PRODUCT_MODULE_NAME = "$(TARGET_NAME:c99extidentifier)";
				PRODUCT_NAME = "$(TARGET_NAME:c99extidentifier)";
				SKIP_INSTALL = YES;
				SWIFT_VERSION = 4.0;
				TARGET_NAME = AST;
			};
			name = Release;
		};
/* End XCBuildConfiguration section */

/* Begin XCConfigurationList section */
		OBJ_100 /* Build configuration list for PBXNativeTarget "Interpreter" */ = {
			isa = XCConfigurationList;
			buildConfigurations = (
				OBJ_101 /* Debug */,
				OBJ_102 /* Release */,
			);
			defaultConfigurationIsVisible = 0;
			defaultConfigurationName = Release;
		};
		OBJ_121 /* Build configuration list for PBXNativeTarget "Parser" */ = {
			isa = XCConfigurationList;
			buildConfigurations = (
				OBJ_122 /* Debug */,
				OBJ_123 /* Release */,
			);
			defaultConfigurationIsVisible = 0;
			defaultConfigurationName = Release;
		};
		OBJ_139 /* Build configuration list for PBXNativeTarget "Sema" */ = {
			isa = XCConfigurationList;
			buildConfigurations = (
				OBJ_140 /* Debug */,
				OBJ_141 /* Release */,
			);
			defaultConfigurationIsVisible = 0;
			defaultConfigurationName = Release;
		};
		OBJ_157 /* Build configuration list for PBXNativeTarget "SemaTests" */ = {
			isa = XCConfigurationList;
			buildConfigurations = (
				OBJ_158 /* Debug */,
				OBJ_159 /* Release */,
			);
			defaultConfigurationIsVisible = 0;
			defaultConfigurationName = Release;
		};
		OBJ_171 /* Build configuration list for PBXNativeTarget "Utils" */ = {
			isa = XCConfigurationList;
			buildConfigurations = (
				OBJ_172 /* Debug */,
				OBJ_173 /* Release */,
			);
			defaultConfigurationIsVisible = 0;
			defaultConfigurationName = Release;
		};
		OBJ_185 /* Build configuration list for PBXNativeTarget "anzen" */ = {
			isa = XCConfigurationList;
			buildConfigurations = (
				OBJ_186 /* Debug */,
				OBJ_187 /* Release */,
			);
			defaultConfigurationIsVisible = 0;
			defaultConfigurationName = Release;
		};
		OBJ_2 /* Build configuration list for PBXProject "anzen" */ = {
			isa = XCConfigurationList;
			buildConfigurations = (
				OBJ_3 /* Debug */,
				OBJ_4 /* Release */,
			);
			defaultConfigurationIsVisible = 0;
			defaultConfigurationName = Release;
		};
		OBJ_203 /* Build configuration list for PBXNativeTarget "anzenPackageDescription" */ = {
			isa = XCConfigurationList;
			buildConfigurations = (
				OBJ_204 /* Debug */,
				OBJ_205 /* Release */,
			);
			defaultConfigurationIsVisible = 0;
			defaultConfigurationName = Release;
		};
		OBJ_209 /* Build configuration list for PBXAggregateTarget "anzenPackageTests" */ = {
			isa = XCConfigurationList;
			buildConfigurations = (
				OBJ_210 /* Debug */,
				OBJ_211 /* Release */,
			);
			defaultConfigurationIsVisible = 0;
			defaultConfigurationName = Release;
		};
		OBJ_78 /* Build configuration list for PBXNativeTarget "AST" */ = {
			isa = XCConfigurationList;
			buildConfigurations = (
				OBJ_79 /* Debug */,
				OBJ_80 /* Release */,
			);
			defaultConfigurationIsVisible = 0;
			defaultConfigurationName = Release;
		};
/* End XCConfigurationList section */
	};
	rootObject = OBJ_1 /* Project object */;
}
